// !$*UTF8*$!
{
        archiveVersion = 1;
        classes = {
        };
        objectVersion = 46;
        objects = {

/* Begin PBXAggregateTarget section */
		361325D7361325D700000006 /* install-roots */ = {
    			isa = PBXAggregateTarget;
    			buildConfigurationList = 361325D7361325D700000005 /* Build configuration list for PBXAggregateTarget "install-roots" */;
    			buildPhases = (
    				361325D7361325D700000007,
    			);
    			dependencies = (
				361325D7361325D700000008 /* PBXTargetDependency Prep */,
			);
    			name = install-roots;
    			productName = install-roots;
    		};
		361325D7361325D70000000A /* All */ = {
    			isa = PBXAggregateTarget;
    			buildConfigurationList = 361325D7361325D700000009 /* Build configuration list for PBXAggregateTarget "All" */;
    			buildPhases = (
    				
    			);
    			dependencies = (
				361325D7361325D70000000B /* PBXTargetDependency goahead */,
				361325D7361325D70000000C /* PBXTargetDependency goahead-test */,
				361325D7361325D70000000D /* PBXTargetDependency gopass */,
				361325D7361325D70000000E /* PBXTargetDependency install-roots */,
				361325D7361325D70000000F /* PBXTargetDependency libgo */,
				361325D7361325D700000010 /* PBXTargetDependency All */,
				361325D7361325D700000011 /* PBXTargetDependency Prep */,
			);
    			name = All;
    			productName = All;
    		};
		361325D7361325D700000013 /* Prep */ = {
    			isa = PBXAggregateTarget;
    			buildConfigurationList = 361325D7361325D700000012 /* Build configuration list for PBXAggregateTarget "Prep" */;
    			buildPhases = (
    				361325D7361325D700000014,
    			);
    			dependencies = (
			);
    			name = Prep;
    			productName = Prep;
    		};
/* End PBXAggregateTarget section */

/* Begin PBXBuildFile section */
		361325D7361325D700000015 /* goahead.c in Sources */ = {isa = PBXBuildFile; fileRef = 361325D7361325D700000016 /* goahead.c */; };
		361325D7361325D700000017 /* test.c in Sources */ = {isa = PBXBuildFile; fileRef = 361325D7361325D700000018 /* test.c */; };
		361325D7361325D700000019 /* gopass.c in Sources */ = {isa = PBXBuildFile; fileRef = 361325D7361325D70000001A /* gopass.c */; };
		361325D7361325D70000001B /* action.c in Sources */ = {isa = PBXBuildFile; fileRef = 361325D7361325D70000001C /* action.c */; };
		361325D7361325D70000001D /* alloc.c in Sources */ = {isa = PBXBuildFile; fileRef = 361325D7361325D70000001E /* alloc.c */; };
		361325D7361325D70000001F /* auth.c in Sources */ = {isa = PBXBuildFile; fileRef = 361325D7361325D700000020 /* auth.c */; };
		361325D7361325D700000021 /* cgi.c in Sources */ = {isa = PBXBuildFile; fileRef = 361325D7361325D700000022 /* cgi.c */; };
		361325D7361325D700000023 /* crypt.c in Sources */ = {isa = PBXBuildFile; fileRef = 361325D7361325D700000024 /* crypt.c */; };
		361325D7361325D700000025 /* file.c in Sources */ = {isa = PBXBuildFile; fileRef = 361325D7361325D700000026 /* file.c */; };
		361325D7361325D700000027 /* fs.c in Sources */ = {isa = PBXBuildFile; fileRef = 361325D7361325D700000028 /* fs.c */; };
		361325D7361325D700000029 /* http.c in Sources */ = {isa = PBXBuildFile; fileRef = 361325D7361325D70000002A /* http.c */; };
		361325D7361325D70000002B /* js.c in Sources */ = {isa = PBXBuildFile; fileRef = 361325D7361325D70000002C /* js.c */; };
		361325D7361325D70000002D /* jst.c in Sources */ = {isa = PBXBuildFile; fileRef = 361325D7361325D70000002E /* jst.c */; };
		361325D7361325D70000002F /* mbedtls.c in Sources */ = {isa = PBXBuildFile; fileRef = 361325D7361325D700000030 /* mbedtls.c */; };
		361325D7361325D700000031 /* openssl.c in Sources */ = {isa = PBXBuildFile; fileRef = 361325D7361325D700000032 /* openssl.c */; };
		361325D7361325D700000033 /* options.c in Sources */ = {isa = PBXBuildFile; fileRef = 361325D7361325D700000034 /* options.c */; };
		361325D7361325D700000035 /* osdep.c in Sources */ = {isa = PBXBuildFile; fileRef = 361325D7361325D700000036 /* osdep.c */; };
		361325D7361325D700000037 /* rom.c in Sources */ = {isa = PBXBuildFile; fileRef = 361325D7361325D700000038 /* rom.c */; };
		361325D7361325D700000039 /* route.c in Sources */ = {isa = PBXBuildFile; fileRef = 361325D7361325D70000003A /* route.c */; };
		361325D7361325D70000003B /* runtime.c in Sources */ = {isa = PBXBuildFile; fileRef = 361325D7361325D70000003C /* runtime.c */; };
		361325D7361325D70000003D /* socket.c in Sources */ = {isa = PBXBuildFile; fileRef = 361325D7361325D70000003E /* socket.c */; };
		361325D7361325D70000003F /* time.c in Sources */ = {isa = PBXBuildFile; fileRef = 361325D7361325D700000040 /* time.c */; };
		361325D7361325D700000041 /* upload.c in Sources */ = {isa = PBXBuildFile; fileRef = 361325D7361325D700000042 /* upload.c */; };
		361325D7361325D700000043 /* libgo.dylib for goahead */ = {isa = PBXBuildFile; fileRef = 361325D7361325D700000044; };
		361325D7361325D700000045 /* libgo.dylib for goahead-test */ = {isa = PBXBuildFile; fileRef = 361325D7361325D700000044; };
		361325D7361325D700000046 /* libgo.dylib for gopass */ = {isa = PBXBuildFile; fileRef = 361325D7361325D700000044; };
/* End PBXBuildFile section */

/* Begin PBXContainerItemProxy section */
		361325D7361325D700000047 /* PBXContainerItemProxy Prep from goahead */ = {
    			isa = PBXContainerItemProxy;
    			containerPortal = 361325D7361325D700000001 /* Project object */;
    			proxyType = 1;
    			remoteGlobalIDString = 361325D7361325D700000013;
    			remoteInfo = Prep;
    		};
		361325D7361325D700000048 /* PBXContainerItemProxy libgo from goahead */ = {
    			isa = PBXContainerItemProxy;
    			containerPortal = 361325D7361325D700000001 /* Project object */;
    			proxyType = 1;
    			remoteGlobalIDString = 361325D7361325D700000049;
    			remoteInfo = libgo;
    		};
		361325D7361325D70000004A /* PBXContainerItemProxy Prep from goahead-test */ = {
    			isa = PBXContainerItemProxy;
    			containerPortal = 361325D7361325D700000001 /* Project object */;
    			proxyType = 1;
    			remoteGlobalIDString = 361325D7361325D700000013;
    			remoteInfo = Prep;
    		};
		361325D7361325D70000004B /* PBXContainerItemProxy libgo from goahead-test */ = {
    			isa = PBXContainerItemProxy;
    			containerPortal = 361325D7361325D700000001 /* Project object */;
    			proxyType = 1;
    			remoteGlobalIDString = 361325D7361325D700000049;
    			remoteInfo = libgo;
    		};
		361325D7361325D70000004C /* PBXContainerItemProxy Prep from gopass */ = {
    			isa = PBXContainerItemProxy;
    			containerPortal = 361325D7361325D700000001 /* Project object */;
    			proxyType = 1;
    			remoteGlobalIDString = 361325D7361325D700000013;
    			remoteInfo = Prep;
    		};
		361325D7361325D70000004D /* PBXContainerItemProxy libgo from gopass */ = {
    			isa = PBXContainerItemProxy;
    			containerPortal = 361325D7361325D700000001 /* Project object */;
    			proxyType = 1;
    			remoteGlobalIDString = 361325D7361325D700000049;
    			remoteInfo = libgo;
    		};
		361325D7361325D70000004E /* PBXContainerItemProxy Prep from install-roots */ = {
    			isa = PBXContainerItemProxy;
    			containerPortal = 361325D7361325D700000001 /* Project object */;
    			proxyType = 1;
    			remoteGlobalIDString = 361325D7361325D700000013;
    			remoteInfo = Prep;
    		};
		361325D7361325D70000004F /* PBXContainerItemProxy Prep from libgo */ = {
    			isa = PBXContainerItemProxy;
    			containerPortal = 361325D7361325D700000001 /* Project object */;
    			proxyType = 1;
    			remoteGlobalIDString = 361325D7361325D700000013;
    			remoteInfo = Prep;
    		};
		361325D7361325D700000050 /* PBXContainerItemProxy Prep from All */ = {
    			isa = PBXContainerItemProxy;
    			containerPortal = 361325D7361325D700000001 /* Project object */;
    			proxyType = 1;
    			remoteGlobalIDString = 361325D7361325D700000013;
    			remoteInfo = Prep;
    		};
		361325D7361325D700000051 /* PBXContainerItemProxy libgo from All */ = {
    			isa = PBXContainerItemProxy;
    			containerPortal = 361325D7361325D700000001 /* Project object */;
    			proxyType = 1;
    			remoteGlobalIDString = 361325D7361325D700000049;
    			remoteInfo = libgo;
    		};
		361325D7361325D700000052 /* PBXContainerItemProxy goahead from All */ = {
    			isa = PBXContainerItemProxy;
    			containerPortal = 361325D7361325D700000001 /* Project object */;
    			proxyType = 1;
    			remoteGlobalIDString = 361325D7361325D700000053;
    			remoteInfo = goahead;
    		};
		361325D7361325D700000054 /* PBXContainerItemProxy goahead-test from All */ = {
    			isa = PBXContainerItemProxy;
    			containerPortal = 361325D7361325D700000001 /* Project object */;
    			proxyType = 1;
    			remoteGlobalIDString = 361325D7361325D700000055;
    			remoteInfo = goahead-test;
    		};
		361325D7361325D700000056 /* PBXContainerItemProxy gopass from All */ = {
    			isa = PBXContainerItemProxy;
    			containerPortal = 361325D7361325D700000001 /* Project object */;
    			proxyType = 1;
    			remoteGlobalIDString = 361325D7361325D700000057;
    			remoteInfo = gopass;
    		};
		361325D7361325D700000058 /* PBXContainerItemProxy install-roots from All */ = {
    			isa = PBXContainerItemProxy;
    			containerPortal = 361325D7361325D700000001 /* Project object */;
    			proxyType = 1;
    			remoteGlobalIDString = 361325D7361325D700000006;
    			remoteInfo = install-roots;
    		};
/* End PBXContainerItemProxy section */

/* Begin PBXFileReference section */
		361325D7361325D700000016 /* goahead.c */ = {isa = PBXFileReference; fileEncoding = 4; lastKnownFileType = sourcecode.c.c; name = goahead.c; path = src/goahead.c; sourceTree = "<group>"; };
		361325D7361325D700000059 /* goahead.h */ = {isa = PBXFileReference; fileEncoding = 4; lastKnownFileType = sourcecode.c.h; name = goahead.h; path = build/macosx-arm64-default/inc/goahead.h; sourceTree = "<group>"; };
		361325D7361325D70000005A /* goahead */ = {isa = PBXFileReference; explicitFileType = "compiled.mach-o.executable"; includeInIndex = 0; path = goahead; sourceTree = BUILT_PRODUCTS_DIR; };
		361325D7361325D700000018 /* test.c */ = {isa = PBXFileReference; fileEncoding = 4; lastKnownFileType = sourcecode.c.c; name = test.c; path = test/test.c; sourceTree = "<group>"; };
		361325D7361325D70000005B /* js.h */ = {isa = PBXFileReference; fileEncoding = 4; lastKnownFileType = sourcecode.c.h; name = js.h; path = build/macosx-arm64-default/inc/js.h; sourceTree = "<group>"; };
		361325D7361325D70000005C /* goahead-test */ = {isa = PBXFileReference; explicitFileType = "compiled.mach-o.executable"; includeInIndex = 0; path = goahead-test; sourceTree = BUILT_PRODUCTS_DIR; };
		361325D7361325D70000001A /* gopass.c */ = {isa = PBXFileReference; fileEncoding = 4; lastKnownFileType = sourcecode.c.c; name = gopass.c; path = src/utils/gopass.c; sourceTree = "<group>"; };
		361325D7361325D70000005D /* gopass */ = {isa = PBXFileReference; explicitFileType = "compiled.mach-o.executable"; includeInIndex = 0; path = gopass; sourceTree = BUILT_PRODUCTS_DIR; };
		361325D7361325D70000001C /* action.c */ = {isa = PBXFileReference; fileEncoding = 4; lastKnownFileType = sourcecode.c.c; name = action.c; path = src/action.c; sourceTree = "<group>"; };
		361325D7361325D70000001E /* alloc.c */ = {isa = PBXFileReference; fileEncoding = 4; lastKnownFileType = sourcecode.c.c; name = alloc.c; path = src/alloc.c; sourceTree = "<group>"; };
		361325D7361325D700000020 /* auth.c */ = {isa = PBXFileReference; fileEncoding = 4; lastKnownFileType = sourcecode.c.c; name = auth.c; path = src/auth.c; sourceTree = "<group>"; };
		361325D7361325D700000022 /* cgi.c */ = {isa = PBXFileReference; fileEncoding = 4; lastKnownFileType = sourcecode.c.c; name = cgi.c; path = src/cgi.c; sourceTree = "<group>"; };
		361325D7361325D700000024 /* crypt.c */ = {isa = PBXFileReference; fileEncoding = 4; lastKnownFileType = sourcecode.c.c; name = crypt.c; path = src/crypt.c; sourceTree = "<group>"; };
		361325D7361325D700000026 /* file.c */ = {isa = PBXFileReference; fileEncoding = 4; lastKnownFileType = sourcecode.c.c; name = file.c; path = src/file.c; sourceTree = "<group>"; };
		361325D7361325D700000028 /* fs.c */ = {isa = PBXFileReference; fileEncoding = 4; lastKnownFileType = sourcecode.c.c; name = fs.c; path = src/fs.c; sourceTree = "<group>"; };
		361325D7361325D70000002A /* http.c */ = {isa = PBXFileReference; fileEncoding = 4; lastKnownFileType = sourcecode.c.c; name = http.c; path = src/http.c; sourceTree = "<group>"; };
		361325D7361325D70000002C /* js.c */ = {isa = PBXFileReference; fileEncoding = 4; lastKnownFileType = sourcecode.c.c; name = js.c; path = src/js.c; sourceTree = "<group>"; };
		361325D7361325D70000002E /* jst.c */ = {isa = PBXFileReference; fileEncoding = 4; lastKnownFileType = sourcecode.c.c; name = jst.c; path = src/jst.c; sourceTree = "<group>"; };
		361325D7361325D700000030 /* mbedtls.c */ = {isa = PBXFileReference; fileEncoding = 4; lastKnownFileType = sourcecode.c.c; name = mbedtls.c; path = src/mbedtls.c; sourceTree = "<group>"; };
		361325D7361325D700000032 /* openssl.c */ = {isa = PBXFileReference; fileEncoding = 4; lastKnownFileType = sourcecode.c.c; name = openssl.c; path = src/openssl.c; sourceTree = "<group>"; };
		361325D7361325D700000034 /* options.c */ = {isa = PBXFileReference; fileEncoding = 4; lastKnownFileType = sourcecode.c.c; name = options.c; path = src/options.c; sourceTree = "<group>"; };
		361325D7361325D700000036 /* osdep.c */ = {isa = PBXFileReference; fileEncoding = 4; lastKnownFileType = sourcecode.c.c; name = osdep.c; path = src/osdep.c; sourceTree = "<group>"; };
		361325D7361325D700000038 /* rom.c */ = {isa = PBXFileReference; fileEncoding = 4; lastKnownFileType = sourcecode.c.c; name = rom.c; path = src/rom.c; sourceTree = "<group>"; };
		361325D7361325D70000003A /* route.c */ = {isa = PBXFileReference; fileEncoding = 4; lastKnownFileType = sourcecode.c.c; name = route.c; path = src/route.c; sourceTree = "<group>"; };
		361325D7361325D70000003C /* runtime.c */ = {isa = PBXFileReference; fileEncoding = 4; lastKnownFileType = sourcecode.c.c; name = runtime.c; path = src/runtime.c; sourceTree = "<group>"; };
		361325D7361325D70000003E /* socket.c */ = {isa = PBXFileReference; fileEncoding = 4; lastKnownFileType = sourcecode.c.c; name = socket.c; path = src/socket.c; sourceTree = "<group>"; };
		361325D7361325D700000040 /* time.c */ = {isa = PBXFileReference; fileEncoding = 4; lastKnownFileType = sourcecode.c.c; name = time.c; path = src/time.c; sourceTree = "<group>"; };
		361325D7361325D700000042 /* upload.c */ = {isa = PBXFileReference; fileEncoding = 4; lastKnownFileType = sourcecode.c.c; name = upload.c; path = src/upload.c; sourceTree = "<group>"; };
		361325D7361325D700000044 /* libgo */ = {isa = PBXFileReference; explicitFileType = "compiled.mach-o.dylib"; includeInIndex = 0; path = libgo.dylib; sourceTree = BUILT_PRODUCTS_DIR; };
/* End PBXFileReference section */

/* Begin PBXFrameworksBuildPhase section */
		361325D7361325D70000005E /* Frameworks and Libraries for goahead */ = {
                isa = PBXFrameworksBuildPhase;
                buildActionMask = 2147483647;
                files = (
    				361325D7361325D700000043 /* libgo */,				
                );
                runOnlyForDeploymentPostprocessing = 0;
            };
		361325D7361325D70000005F /* Frameworks and Libraries for goahead-test */ = {
                isa = PBXFrameworksBuildPhase;
                buildActionMask = 2147483647;
                files = (
    				361325D7361325D700000045 /* libgo */,				
                );
                runOnlyForDeploymentPostprocessing = 0;
            };
		361325D7361325D700000060 /* Frameworks and Libraries for gopass */ = {
                isa = PBXFrameworksBuildPhase;
                buildActionMask = 2147483647;
                files = (
    				361325D7361325D700000046 /* libgo */,				
                );
                runOnlyForDeploymentPostprocessing = 0;
            };
		361325D7361325D700000061 /* Frameworks and Libraries for libgo */ = {
                isa = PBXFrameworksBuildPhase;
                buildActionMask = 2147483647;
                files = (
    				
                );
                runOnlyForDeploymentPostprocessing = 0;
            };
/* End PBXFrameworksBuildPhase section */

/* Begin PBXGroup section */
		361325D7361325D700000062 /* Top Group */ = {
                isa = PBXGroup;
                children = (
				361325D7361325D700000063 /* libgo */,
				361325D7361325D700000064 /* goahead */,
				361325D7361325D700000065 /* goahead-test */,
				361325D7361325D700000066 /* gopass */,
				361325D7361325D700000067 /* Products */,
			);
                sourceTree = "<group>";
            };
		361325D7361325D700000064 /* goahead */ = {
                isa = PBXGroup;
                children = (
				361325D7361325D700000016 /* goahead.c */,
			);
                name = "goahead";
                path = ..;
                sourceTree = SOURCE_ROOT;
            };
		361325D7361325D700000065 /* goahead-test */ = {
                isa = PBXGroup;
                children = (
				361325D7361325D700000018 /* test.c */,
			);
                name = "goahead-test";
                path = ..;
                sourceTree = SOURCE_ROOT;
            };
		361325D7361325D700000066 /* gopass */ = {
                isa = PBXGroup;
                children = (
				361325D7361325D700000059 /* goahead.h */,
				361325D7361325D70000001A /* gopass.c */,
			);
                name = "gopass";
                path = ..;
                sourceTree = SOURCE_ROOT;
            };
		361325D7361325D700000063 /* libgo */ = {
                isa = PBXGroup;
                children = (
				361325D7361325D70000001C /* action.c */,
				361325D7361325D70000001E /* alloc.c */,
				361325D7361325D700000020 /* auth.c */,
				361325D7361325D700000022 /* cgi.c */,
				361325D7361325D700000024 /* crypt.c */,
				361325D7361325D700000026 /* file.c */,
				361325D7361325D700000028 /* fs.c */,
				361325D7361325D70000002A /* http.c */,
				361325D7361325D70000002C /* js.c */,
				361325D7361325D70000002E /* jst.c */,
				361325D7361325D700000030 /* mbedtls.c */,
				361325D7361325D700000032 /* openssl.c */,
				361325D7361325D700000034 /* options.c */,
				361325D7361325D700000036 /* osdep.c */,
				361325D7361325D700000038 /* rom.c */,
				361325D7361325D70000003A /* route.c */,
				361325D7361325D70000003C /* runtime.c */,
				361325D7361325D70000003E /* socket.c */,
				361325D7361325D700000040 /* time.c */,
				361325D7361325D700000042 /* upload.c */,
			);
                name = "libgo";
                path = ..;
                sourceTree = SOURCE_ROOT;
            };
		361325D7361325D700000067 /* Products */ = {
                isa = PBXGroup;
                children = (
				361325D7361325D70000005A /* goahead */,
				361325D7361325D70000005C /* goahead-test */,
				361325D7361325D70000005D /* gopass */,
				361325D7361325D700000044 /* libgo */,
			);
                name = "Products";
                path = ..;
                sourceTree = SOURCE_ROOT;
            };
/* End PBXGroup section */

/* Begin PBXNativeTarget section */
		361325D7361325D700000053 /* goahead */ = {
    			isa = PBXNativeTarget;
    			buildConfigurationList = 361325D7361325D700000069 /* Build configuration list for PBXNativeTarget "goahead" */;
    			buildPhases = (
    				361325D7361325D700000068 /* Sources */,
    				361325D7361325D70000005E /* Frameworks */,
    			);
    			buildRules = (
    			);
    			dependencies = (
    				361325D7361325D70000006A /* Prep */,
				361325D7361325D70000006B /* libgo */,				
    			);
    			name = goahead;
    			productName = goahead;
    			productReference = 361325D7361325D70000005A /* goahead */;
    			productType = "com.apple.product-type.tool";
    		};
		361325D7361325D700000055 /* goahead-test */ = {
    			isa = PBXNativeTarget;
    			buildConfigurationList = 361325D7361325D70000006D /* Build configuration list for PBXNativeTarget "goahead-test" */;
    			buildPhases = (
    				361325D7361325D70000006C /* Sources */,
    				361325D7361325D70000005F /* Frameworks */,
    			);
    			buildRules = (
    			);
    			dependencies = (
    				361325D7361325D70000006E /* Prep */,
				361325D7361325D70000006F /* libgo */,				
    			);
    			name = goahead-test;
    			productName = goahead;
    			productReference = 361325D7361325D70000005C /* goahead-test */;
    			productType = "com.apple.product-type.tool";
    		};
		361325D7361325D700000057 /* gopass */ = {
    			isa = PBXNativeTarget;
    			buildConfigurationList = 361325D7361325D700000071 /* Build configuration list for PBXNativeTarget "gopass" */;
    			buildPhases = (
    				361325D7361325D700000070 /* Sources */,
    				361325D7361325D700000060 /* Frameworks */,
    			);
    			buildRules = (
    			);
    			dependencies = (
    				361325D7361325D700000072 /* Prep */,
				361325D7361325D700000073 /* libgo */,				
    			);
    			name = gopass;
    			productName = goahead;
    			productReference = 361325D7361325D70000005D /* gopass */;
    			productType = "com.apple.product-type.tool";
    		};
		361325D7361325D700000049 /* libgo */ = {
    			isa = PBXNativeTarget;
    			buildConfigurationList = 361325D7361325D700000075 /* Build configuration list for PBXNativeTarget "libgo" */;
    			buildPhases = (
    				361325D7361325D700000074 /* Sources */,
    				361325D7361325D700000061 /* Frameworks */,
    			);
    			buildRules = (
    			);
    			dependencies = (
    				361325D7361325D700000076 /* Prep */,				
    			);
    			name = libgo;
    			productName = goahead;
    			productReference = 361325D7361325D700000044 /* libgo */;
    			productType = "com.apple.product-type.library.dynamic";
    		};
/* End PBXNativeTarget section */

/* Begin PBXShellScriptBuildPhase section */
		361325D7361325D700000007 /* ShellScript for install-roots */ = {
    			isa = PBXShellScriptBuildPhase;
    			buildActionMask = 2147483647;
    			files = (
    			);
    			inputPaths = (
    ../certs/roots.crt
    			);
    			outputPaths = (
    ../build/macosx-arm64-default/bin/roots.crt
    			);
    			runOnlyForDeploymentPostprocessing = 0;
    			shellPath = /bin/bash;
    			shellScript = "PATH=$PATH:/usr/local/bin
cd ..
	mkdir -p \"build/macosx-arm64-default/bin\"
	cp certs/roots.crt build/macosx-arm64-default/bin/roots.crt
";
    		};
		361325D7361325D700000014 /* ShellScript for Prep */ = {
    			isa = PBXShellScriptBuildPhase;
    			buildActionMask = 2147483647;
    			files = (
    			);
    			inputPaths = (
    
    			);
    			outputPaths = (
    ../build/macosx-arm64-default/inc/me.h
    			);
    			runOnlyForDeploymentPostprocessing = 0;
    			shellPath = /bin/bash;
    			shellScript = "PATH=$PATH:/usr/local/bin
[ ! -x ${INC_DIR} ] && mkdir -p ${INC_DIR} ${OBJ_DIR} ${LIB_DIR} ${BIN_DIR}
[ ! -f ${INC_DIR}/me.h -a -f goahead-macosx-default-me.h ] && cp goahead-macosx-default-me.h ${INC_DIR}/me.h
if [ -f goahead-macosx-default-me.h ] ; then
if ! diff ${INC_DIR}/me.h goahead-macosx-default-me.h >/dev/null 2>&1 ; then
cp goahead-macosx-default-me.h ${INC_DIR}/me.h
fi
fi
if [ ../src/goahead.h -nt ${OUT_DIR}/inc/goahead.h ] ; then
cp ../src/goahead.h ${OUT_DIR}/inc/goahead.h
fi
if [ ../src/js.h -nt ${OUT_DIR}/inc/js.h ] ; then
cp ../src/js.h ${OUT_DIR}/inc/js.h
fi
if [ ../src/osdep/osdep.h -nt ${OUT_DIR}/inc/osdep.h ] ; then
cp ../src/osdep/osdep.h ${OUT_DIR}/inc/osdep.h
fi
if [ ../src/goahead.h -nt ${OUT_DIR}/inc/goahead.h ] ; then
cp ../src/goahead.h ${OUT_DIR}/inc/goahead.h
fi
if [ ../src/js.h -nt ${OUT_DIR}/inc/js.h ] ; then
cp ../src/js.h ${OUT_DIR}/inc/js.h
fi
if [ ../src/goahead.h -nt ${OUT_DIR}/inc/goahead.h ] ; then
cp ../src/goahead.h ${OUT_DIR}/inc/goahead.h
fi
if [ ../src/js.h -nt ${OUT_DIR}/inc/js.h ] ; then
cp ../src/js.h ${OUT_DIR}/inc/js.h
fi
if [ ../src/goahead.h -nt ${OUT_DIR}/inc/goahead.h ] ; then
cp ../src/goahead.h ${OUT_DIR}/inc/goahead.h
fi
if [ ../src/js.h -nt ${OUT_DIR}/inc/js.h ] ; then
cp ../src/js.h ${OUT_DIR}/inc/js.h
fi
";
    		};
/* End PBXShellScriptBuildPhase section */

    /* Begin PBXProject section */
    		361325D7361325D700000001 /* Project object */ = {
    			isa = PBXProject;
    			attributes = {
    				LastUpgradeCheck = 0430;
    				ORGANIZATIONNAME = "embedthis";
    			};
    			buildConfigurationList = 361325D7361325D700000002 /* Build configuration list for PBXProject "goahead" */;
    			compatibilityVersion = "Xcode 3.2";
    			developmentRegion = English;
    			hasScannedForEncodings = 0;
    			knownRegions = (
    				en,
    			);
    			mainGroup = 361325D7361325D700000062;
    			productRefGroup = 361325D7361325D700000067 /* Products */;
    			projectDirPath = "";
    			projectRoot = "";
    			targets = (
				361325D7361325D70000000A /* All */,
				361325D7361325D700000013 /* Prep */,
				361325D7361325D700000049 /* libgo */,
				361325D7361325D700000053 /* goahead */,
				361325D7361325D700000055 /* goahead-test */,
				361325D7361325D700000057 /* gopass */,
				361325D7361325D700000006 /* install-roots */,
			);
    		};
    /* End PBXProject section */

/* Begin PBXSourcesBuildPhase section */
		361325D7361325D700000068 /* goahead Sources */ = {
    			isa = PBXSourcesBuildPhase;
    			buildActionMask = 2147483647;
    			files = (
    				361325D7361325D700000015 /* goahead.c in Sources */,
    			);
    			runOnlyForDeploymentPostprocessing = 0;
    		};
		361325D7361325D70000006C /* goahead-test Sources */ = {
    			isa = PBXSourcesBuildPhase;
    			buildActionMask = 2147483647;
    			files = (
    				361325D7361325D700000017 /* test.c in Sources */,
    			);
    			runOnlyForDeploymentPostprocessing = 0;
    		};
		361325D7361325D700000070 /* gopass Sources */ = {
    			isa = PBXSourcesBuildPhase;
    			buildActionMask = 2147483647;
    			files = (
    				361325D7361325D700000019 /* gopass.c in Sources */,
    			);
    			runOnlyForDeploymentPostprocessing = 0;
    		};
		361325D7361325D700000074 /* libgo Sources */ = {
    			isa = PBXSourcesBuildPhase;
    			buildActionMask = 2147483647;
    			files = (
    				361325D7361325D70000001B /* action.c in Sources */,
				361325D7361325D70000001D /* alloc.c in Sources */,
				361325D7361325D70000001F /* auth.c in Sources */,
				361325D7361325D700000021 /* cgi.c in Sources */,
				361325D7361325D700000023 /* crypt.c in Sources */,
				361325D7361325D700000025 /* file.c in Sources */,
				361325D7361325D700000027 /* fs.c in Sources */,
				361325D7361325D700000029 /* http.c in Sources */,
				361325D7361325D70000002B /* js.c in Sources */,
				361325D7361325D70000002D /* jst.c in Sources */,
				361325D7361325D70000002F /* mbedtls.c in Sources */,
				361325D7361325D700000031 /* openssl.c in Sources */,
				361325D7361325D700000033 /* options.c in Sources */,
				361325D7361325D700000035 /* osdep.c in Sources */,
				361325D7361325D700000037 /* rom.c in Sources */,
				361325D7361325D700000039 /* route.c in Sources */,
				361325D7361325D70000003B /* runtime.c in Sources */,
				361325D7361325D70000003D /* socket.c in Sources */,
				361325D7361325D70000003F /* time.c in Sources */,
				361325D7361325D700000041 /* upload.c in Sources */,
    			);
    			runOnlyForDeploymentPostprocessing = 0;
    		};
/* End PBXSourcesBuildPhase section */

/* Begin PBXTargetDependency section */
		361325D7361325D70000006A /* PBXTargetDependency goahead depends on Prep */ = {
    			isa = PBXTargetDependency;
    			target = 361325D7361325D700000013 /* Prep */;
    			targetProxy = 361325D7361325D700000047 /* PBXContainerItemProxy */;
    		};
		361325D7361325D70000006B /* PBXTargetDependency goahead depends on libgo */ = {
    			isa = PBXTargetDependency;
    			target = 361325D7361325D700000049 /* libgo */;
    			targetProxy = 361325D7361325D700000048 /* PBXContainerItemProxy */;
    		};
		361325D7361325D70000006E /* PBXTargetDependency goahead-test depends on Prep */ = {
    			isa = PBXTargetDependency;
    			target = 361325D7361325D700000013 /* Prep */;
    			targetProxy = 361325D7361325D70000004A /* PBXContainerItemProxy */;
    		};
		361325D7361325D70000006F /* PBXTargetDependency goahead-test depends on libgo */ = {
    			isa = PBXTargetDependency;
    			target = 361325D7361325D700000049 /* libgo */;
    			targetProxy = 361325D7361325D70000004B /* PBXContainerItemProxy */;
    		};
		361325D7361325D700000072 /* PBXTargetDependency gopass depends on Prep */ = {
    			isa = PBXTargetDependency;
    			target = 361325D7361325D700000013 /* Prep */;
    			targetProxy = 361325D7361325D70000004C /* PBXContainerItemProxy */;
    		};
		361325D7361325D700000073 /* PBXTargetDependency gopass depends on libgo */ = {
    			isa = PBXTargetDependency;
    			target = 361325D7361325D700000049 /* libgo */;
    			targetProxy = 361325D7361325D70000004D /* PBXContainerItemProxy */;
    		};
		361325D7361325D700000008 /* PBXTargetDependency install-roots depends on Prep */ = {
    			isa = PBXTargetDependency;
    			target = 361325D7361325D700000013 /* Prep */;
    			targetProxy = 361325D7361325D70000004E /* PBXContainerItemProxy */;
    		};
		361325D7361325D700000076 /* PBXTargetDependency libgo depends on Prep */ = {
    			isa = PBXTargetDependency;
    			target = 361325D7361325D700000013 /* Prep */;
    			targetProxy = 361325D7361325D70000004F /* PBXContainerItemProxy */;
    		};
		361325D7361325D700000011 /* PBXTargetDependency All depends on Prep */ = {
    			isa = PBXTargetDependency;
    			target = 361325D7361325D700000013 /* Prep */;
    			targetProxy = 361325D7361325D700000050 /* PBXContainerItemProxy */;
    		};
		361325D7361325D70000000F /* PBXTargetDependency All depends on libgo */ = {
    			isa = PBXTargetDependency;
    			target = 361325D7361325D700000049 /* libgo */;
    			targetProxy = 361325D7361325D700000051 /* PBXContainerItemProxy */;
    		};
		361325D7361325D70000000B /* PBXTargetDependency All depends on goahead */ = {
    			isa = PBXTargetDependency;
    			target = 361325D7361325D700000053 /* goahead */;
    			targetProxy = 361325D7361325D700000052 /* PBXContainerItemProxy */;
    		};
		361325D7361325D70000000C /* PBXTargetDependency All depends on goahead-test */ = {
    			isa = PBXTargetDependency;
    			target = 361325D7361325D700000055 /* goahead-test */;
    			targetProxy = 361325D7361325D700000054 /* PBXContainerItemProxy */;
    		};
		361325D7361325D70000000D /* PBXTargetDependency All depends on gopass */ = {
    			isa = PBXTargetDependency;
    			target = 361325D7361325D700000057 /* gopass */;
    			targetProxy = 361325D7361325D700000056 /* PBXContainerItemProxy */;
    		};
		361325D7361325D70000000E /* PBXTargetDependency All depends on install-roots */ = {
    			isa = PBXTargetDependency;
    			target = 361325D7361325D700000006 /* install-roots */;
    			targetProxy = 361325D7361325D700000058 /* PBXContainerItemProxy */;
    		};
/* End PBXTargetDependency section */

    /* Begin XCBuildConfiguration section */
    		361325D7361325D700000003 /* Debug */ = {
    			isa = XCBuildConfiguration;
    			buildSettings = {
    ME_DEBUG = "1";
ME_COM_OPENSSL_PATH = "/opt/homebrew";

                    /* Common Settings */
                    COMBINE_HIDPI_IMAGES = YES;
    				ALWAYS_SEARCH_USER_PATHS = NO;
                    ONLY_ACTIVE_ARCH = YES;
                    CURRENT_PROJECT_VERSION = 6.0;
                    DYLIB_COMPATIBILITY_VERSION = "$(CURRENT_PROJECT_VERSION)";
                    DYLIB_CURRENT_VERSION = "$(CURRENT_PROJECT_VERSION)";

    				GCC_C_LANGUAGE_STANDARD = gnu99;
    				GCC_VERSION = com.apple.compilers.llvm.clang.1_0;
    				GCC_WARN_ABOUT_RETURN_TYPE = YES;

GCC_NO_COMMON_BLOCKS = YES;
GCC_WARN_64_TO_32_BIT_CONVERSION = YES;
GCC_WARN_UNDECLARED_SELECTOR = YES;
CLANG_WARN_BOOL_CONVERSION = YES;
CLANG_WARN_CONSTANT_CONVERSION = YES;
CLANG_WARN_EMPTY_BODY = YES;
CLANG_WARN_ENUM_CONVERSION = YES;
CLANG_WARN_INT_CONVERSION = YES;
CLANG_WARN_UNREACHABLE_CODE = YES;
CLANG_WARN__DUPLICATE_METHOD_MATCH = YES;
ENABLE_STRICT_OBJC_MSGSEND = YES;
ENABLE_TESTABILITY = YES;

                    LD_DYLIB_INSTALL_NAME = "@rpath/$(EXECUTABLE_PATH)";
    				MACOSX_DEPLOYMENT_TARGET = 10.15;
    				SDKROOT = macosx;

                    OUT_DIR = "../build/macosx-arm64-default";
                    BIN_DIR = "../build/macosx-arm64-default/bin";
                    LIB_DIR = "../src";
                    INC_DIR = "../build/macosx-arm64-default/inc";
                    OBJ_DIR = "../build/macosx-arm64-default/obj";
                    SRC_DIR = "../src";

                    CONFIGURATION_TEMP_DIR = "$(OBJ_DIR)/goahead-xcode/$(CONFIGURATION)";
                    CONFIGURATION_BUILD_DIR = "$(BIN_DIR)";
                    INSTALL_PATH = "/usr/lib/goahead";
                    DSTROOT = "/tmp/goahead.dst";
                    OBJROOT = "$(OBJ_DIR)";
                    SYMROOT = "$(BIN_DIR)";
    				GCC_WARN_64_TO_32_ME_CONVERSION = YES;
				GCC_WARN_64_TO_32_ME_CONVERSION = YES;
				GCC_WARN_UNUSED_VARIABLE = NO;
				GCC_WARN_UNUSED_FUNCTION = NO;
				GCC_WARN_UNUSED_LABEL = NO;
				GCC_WARN_64_TO_32_ME_CONVERSION = YES;
				GCC_WARN_64_TO_32_ME_CONVERSION = YES;
				GCC_WARN_UNUSED_VARIABLE = NO;
				GCC_WARN_UNUSED_FUNCTION = NO;
				GCC_WARN_UNUSED_LABEL = NO;

                    /* Debug Settings */
    				COPY_PHASE_STRIP = NO;
    				GCC_OPTIMIZATION_LEVEL = 0;
    				GCC_SYMBOLS_PRIVATE_EXTERN = NO;
    				HEADER_SEARCH_PATHS = (
					"../build/macosx-arm64-default/inc",
					"$(inherited)"
				);
				GCC_PREPROCESSOR_DEFINITIONS = (
					"_REENTRANT",
					"PIC",
					"ME_DEBUG=1",
					"$(inherited)"
				);
				LIBRARY_SEARCH_PATHS = (
					"../build/macosx-arm64-default/bin",
					"$(inherited)"
				);
				OTHER_LDFLAGS = (
					"-Wl,-no_warn_duplicate_libraries",
					"-Wl,-rpath,@executable_path/",
					"-Wl,-rpath,@loader_path/",
					"-ldl",
					"-lpthread",
					"-lm",
					"$(inherited)"
				);

    			};
    			name = Debug;
    		};
    		361325D7361325D700000004 /* Release */ = {
    			isa = XCBuildConfiguration;
    			buildSettings = {
    ME_DEBUG = "1";
ME_COM_OPENSSL_PATH = "/opt/homebrew";

                    /* Common Settings */
                    COMBINE_HIDPI_IMAGES = YES;
    				ALWAYS_SEARCH_USER_PATHS = NO;
                    ONLY_ACTIVE_ARCH = YES;
                    CURRENT_PROJECT_VERSION = 6.0;
                    DYLIB_COMPATIBILITY_VERSION = "$(CURRENT_PROJECT_VERSION)";
                    DYLIB_CURRENT_VERSION = "$(CURRENT_PROJECT_VERSION)";

    				GCC_C_LANGUAGE_STANDARD = gnu99;
    				GCC_VERSION = com.apple.compilers.llvm.clang.1_0;
    				GCC_WARN_ABOUT_RETURN_TYPE = YES;

GCC_NO_COMMON_BLOCKS = YES;
GCC_WARN_64_TO_32_BIT_CONVERSION = YES;
GCC_WARN_UNDECLARED_SELECTOR = YES;
CLANG_WARN_BOOL_CONVERSION = YES;
CLANG_WARN_CONSTANT_CONVERSION = YES;
CLANG_WARN_EMPTY_BODY = YES;
CLANG_WARN_ENUM_CONVERSION = YES;
CLANG_WARN_INT_CONVERSION = YES;
CLANG_WARN_UNREACHABLE_CODE = YES;
CLANG_WARN__DUPLICATE_METHOD_MATCH = YES;
ENABLE_STRICT_OBJC_MSGSEND = YES;
ENABLE_TESTABILITY = YES;

                    LD_DYLIB_INSTALL_NAME = "@rpath/$(EXECUTABLE_PATH)";
    				MACOSX_DEPLOYMENT_TARGET = 10.15;
    				SDKROOT = macosx;

                    OUT_DIR = "../build/macosx-arm64-default";
                    BIN_DIR = "../build/macosx-arm64-default/bin";
                    LIB_DIR = "../src";
                    INC_DIR = "../build/macosx-arm64-default/inc";
                    OBJ_DIR = "../build/macosx-arm64-default/obj";
                    SRC_DIR = "../src";

                    CONFIGURATION_TEMP_DIR = "$(OBJ_DIR)/goahead-xcode/$(CONFIGURATION)";
                    CONFIGURATION_BUILD_DIR = "$(BIN_DIR)";
                    INSTALL_PATH = "/usr/lib/goahead";
                    DSTROOT = "/tmp/goahead.dst";
                    OBJROOT = "$(OBJ_DIR)";
                    SYMROOT = "$(BIN_DIR)";
    				GCC_WARN_64_TO_32_ME_CONVERSION = YES;
				GCC_WARN_64_TO_32_ME_CONVERSION = YES;
				GCC_WARN_UNUSED_VARIABLE = NO;
				GCC_WARN_UNUSED_FUNCTION = NO;
				GCC_WARN_UNUSED_LABEL = NO;
				GCC_WARN_64_TO_32_ME_CONVERSION = YES;
				GCC_WARN_64_TO_32_ME_CONVERSION = YES;
				GCC_WARN_UNUSED_VARIABLE = NO;
				GCC_WARN_UNUSED_FUNCTION = NO;
				GCC_WARN_UNUSED_LABEL = NO;

                    /* Release Settings */
    				COPY_PHASE_STRIP = YES;
    				DEBUG_INFORMATION_FORMAT = "dwarf-with-dsym";
    				GCC_OPTIMIZATION_LEVEL = s;
                    GCC_WARN_UNINITIALIZED_AUTOS = NO;
    				HEADER_SEARCH_PATHS = (
					"../build/macosx-arm64-default/inc",
					"$(inherited)"
				);
				GCC_PREPROCESSOR_DEFINITIONS = (
					"_REENTRANT",
					"PIC",
					"ME_DEBUG=0",
					"$(inherited)"
				);
				LIBRARY_SEARCH_PATHS = (
					"../build/macosx-arm64-default/bin",
					"$(inherited)"
				);
				OTHER_LDFLAGS = (
					"-Wl,-no_warn_duplicate_libraries",
					"-Wl,-rpath,@executable_path/",
					"-Wl,-rpath,@loader_path/",
					"-ldl",
					"-lpthread",
					"-lm",
					"$(inherited)"
				);

    			};
    			name = Release;
    		};
		361325D7361325D700000077 /* Debug */ = {
    			isa = XCBuildConfiguration;
    			buildSettings = {
    				PRODUCT_NAME = goahead;
    
    				HEADER_SEARCH_PATHS = (
					"$(ME_COM_OPENSSL_PATH)/include",
					"$(inherited)"
				);
				GCC_PREPROCESSOR_DEFINITIONS = (
					"ME_COM_OPENSSL_PATH=/opt/homebrew",
					"ME_DEBUG=1",
					"$(inherited)"
				);
				LIBRARY_SEARCH_PATHS = (
					"$(ME_COM_OPENSSL_PATH)/lib",
					"$(ME_COM_OPENSSL_PATH)",
					"$(inherited)"
				);
				OTHER_LDFLAGS = (
					"-lssl",
					"-lcrypto",
					"$(inherited)"
				);

    			};
    			name = Debug;
    		};
    		361325D7361325D700000078 /* Release */ = {
    			isa = XCBuildConfiguration;
    			buildSettings = {
    				PRODUCT_NAME = goahead;
    
    				HEADER_SEARCH_PATHS = (
					"$(ME_COM_OPENSSL_PATH)/include",
					"$(inherited)"
				);
				GCC_PREPROCESSOR_DEFINITIONS = (
					"ME_COM_OPENSSL_PATH=/opt/homebrew",
					"ME_DEBUG=0",
					"$(inherited)"
				);
				LIBRARY_SEARCH_PATHS = (
					"$(ME_COM_OPENSSL_PATH)/lib",
					"$(ME_COM_OPENSSL_PATH)",
					"$(inherited)"
				);
				OTHER_LDFLAGS = (
					"-lssl",
					"-lcrypto",
					"$(inherited)"
				);

    			};
    			name = Release;
    		};
		361325D7361325D700000079 /* Debug */ = {
    			isa = XCBuildConfiguration;
    			buildSettings = {
    				PRODUCT_NAME = goahead-test;
    
    				HEADER_SEARCH_PATHS = (
					"$(ME_COM_OPENSSL_PATH)/include",
					"$(inherited)"
				);
				GCC_PREPROCESSOR_DEFINITIONS = (
					"ME_COM_OPENSSL_PATH=/opt/homebrew",
					"ME_DEBUG=1",
					"$(inherited)"
				);
				LIBRARY_SEARCH_PATHS = (
					"$(ME_COM_OPENSSL_PATH)/lib",
					"$(ME_COM_OPENSSL_PATH)",
					"$(inherited)"
				);
				OTHER_LDFLAGS = (
					"-lssl",
					"-lcrypto",
					"$(inherited)"
				);

    			};
    			name = Debug;
    		};
    		361325D7361325D70000007A /* Release */ = {
    			isa = XCBuildConfiguration;
    			buildSettings = {
    				PRODUCT_NAME = goahead-test;
    
    				HEADER_SEARCH_PATHS = (
					"$(ME_COM_OPENSSL_PATH)/include",
					"$(inherited)"
				);
				GCC_PREPROCESSOR_DEFINITIONS = (
					"ME_COM_OPENSSL_PATH=/opt/homebrew",
					"ME_DEBUG=0",
					"$(inherited)"
				);
				LIBRARY_SEARCH_PATHS = (
					"$(ME_COM_OPENSSL_PATH)/lib",
					"$(ME_COM_OPENSSL_PATH)",
					"$(inherited)"
				);
				OTHER_LDFLAGS = (
					"-lssl",
					"-lcrypto",
					"$(inherited)"
				);

    			};
    			name = Release;
    		};
		361325D7361325D70000007B /* Debug */ = {
    			isa = XCBuildConfiguration;
    			buildSettings = {
    				PRODUCT_NAME = gopass;
    
    				HEADER_SEARCH_PATHS = (
					"$(ME_COM_OPENSSL_PATH)/include",
					"$(inherited)"
				);
				GCC_PREPROCESSOR_DEFINITIONS = (
					"ME_COM_OPENSSL_PATH=/opt/homebrew",
					"ME_DEBUG=1",
					"$(inherited)"
				);
				LIBRARY_SEARCH_PATHS = (
					"$(ME_COM_OPENSSL_PATH)/lib",
					"$(ME_COM_OPENSSL_PATH)",
					"$(inherited)"
				);
				OTHER_LDFLAGS = (
					"-lssl",
					"-lcrypto",
					"$(inherited)"
				);

    			};
    			name = Debug;
    		};
    		361325D7361325D70000007C /* Release */ = {
    			isa = XCBuildConfiguration;
    			buildSettings = {
    				PRODUCT_NAME = gopass;
    
    				HEADER_SEARCH_PATHS = (
					"$(ME_COM_OPENSSL_PATH)/include",
					"$(inherited)"
				);
				GCC_PREPROCESSOR_DEFINITIONS = (
					"ME_COM_OPENSSL_PATH=/opt/homebrew",
					"ME_DEBUG=0",
					"$(inherited)"
				);
				LIBRARY_SEARCH_PATHS = (
					"$(ME_COM_OPENSSL_PATH)/lib",
					"$(ME_COM_OPENSSL_PATH)",
					"$(inherited)"
				);
				OTHER_LDFLAGS = (
					"-lssl",
					"-lcrypto",
					"$(inherited)"
				);

    			};
    			name = Release;
    		};
		361325D7361325D70000007D /* Debug */ = {
    			isa = XCBuildConfiguration;
    			buildSettings = {
    				PRODUCT_NAME = install-roots;
    
    				GCC_PREPROCESSOR_DEFINITIONS = (
					"ME_DEBUG=1",
					"$(inherited)"
				);
    			};
    			name = Debug;
    		};
    		361325D7361325D70000007E /* Release */ = {
    			isa = XCBuildConfiguration;
    			buildSettings = {
    				PRODUCT_NAME = install-roots;
    
    				GCC_PREPROCESSOR_DEFINITIONS = (
					"ME_DEBUG=0",
					"$(inherited)"
				);
    			};
    			name = Release;
    		};
		361325D7361325D70000007F /* Debug */ = {
    			isa = XCBuildConfiguration;
    			buildSettings = {
    				PRODUCT_NAME = libgo;
    
    				HEADER_SEARCH_PATHS = (
					"$(ME_COM_OPENSSL_PATH)/include",
					"$(inherited)"
				);
				GCC_PREPROCESSOR_DEFINITIONS = (
					"ME_COM_OPENSSL_PATH=/opt/homebrew",
					"ME_DEBUG=1",
					"$(inherited)"
				);
				LIBRARY_SEARCH_PATHS = (
					"$(ME_COM_OPENSSL_PATH)/lib",
					"$(ME_COM_OPENSSL_PATH)",
					"$(inherited)"
				);
				OTHER_LDFLAGS = (
					"-lssl",
					"-lcrypto",
					"$(inherited)"
				);

    			};
    			name = Debug;
    		};
    		361325D7361325D700000080 /* Release */ = {
    			isa = XCBuildConfiguration;
    			buildSettings = {
    				PRODUCT_NAME = libgo;
    
    				HEADER_SEARCH_PATHS = (
					"$(ME_COM_OPENSSL_PATH)/include",
					"$(inherited)"
				);
				GCC_PREPROCESSOR_DEFINITIONS = (
					"ME_COM_OPENSSL_PATH=/opt/homebrew",
					"ME_DEBUG=0",
					"$(inherited)"
				);
				LIBRARY_SEARCH_PATHS = (
					"$(ME_COM_OPENSSL_PATH)/lib",
					"$(ME_COM_OPENSSL_PATH)",
					"$(inherited)"
				);
				OTHER_LDFLAGS = (
					"-lssl",
					"-lcrypto",
					"$(inherited)"
				);

    			};
    			name = Release;
    		};
		361325D7361325D700000081 /* Debug */ = {
    			isa = XCBuildConfiguration;
    			buildSettings = {
    				PRODUCT_NAME = All;
    
    				GCC_PREPROCESSOR_DEFINITIONS = (
					"ME_DEBUG=1",
					"$(inherited)"
				);
    			};
    			name = Debug;
    		};
    		361325D7361325D700000082 /* Release */ = {
    			isa = XCBuildConfiguration;
    			buildSettings = {
    				PRODUCT_NAME = All;
    
    				GCC_PREPROCESSOR_DEFINITIONS = (
					"ME_DEBUG=0",
					"$(inherited)"
				);
    			};
    			name = Release;
    		};
		361325D7361325D700000083 /* Debug */ = {
    			isa = XCBuildConfiguration;
    			buildSettings = {
    				PRODUCT_NAME = Prep;
    
    				GCC_PREPROCESSOR_DEFINITIONS = (
					"ME_DEBUG=1",
					"$(inherited)"
				);
    			};
    			name = Debug;
    		};
    		361325D7361325D700000084 /* Release */ = {
    			isa = XCBuildConfiguration;
    			buildSettings = {
    				PRODUCT_NAME = Prep;
    
    				GCC_PREPROCESSOR_DEFINITIONS = (
					"ME_DEBUG=0",
					"$(inherited)"
				);
    			};
    			name = Release;
    		};
/* End XCBuildConfiguration section */

    /* Begin XCConfigurationList section */
    		361325D7361325D700000002 /* Build configuration list for PBXProject "goahead" */ = {
    			isa = XCConfigurationList;
    			buildConfigurations = (
    				361325D7361325D700000003 /* Debug */,
    				361325D7361325D700000004 /* Release */,
    			);
    			defaultConfigurationIsVisible = 0;
    			defaultConfigurationName = Release;
    		};
		361325D7361325D700000069 /* Build configuration list for PBXNativeTarget "goahead" */ = {
    			isa = XCConfigurationList;
    			buildConfigurations = (
    				361325D7361325D700000077 /* Debug */,
    				361325D7361325D700000078 /* Release */,
    			);
    			defaultConfigurationIsVisible = 0;
    			defaultConfigurationName = Release;
    		};
		361325D7361325D70000006D /* Build configuration list for PBXNativeTarget "goahead-test" */ = {
    			isa = XCConfigurationList;
    			buildConfigurations = (
    				361325D7361325D700000079 /* Debug */,
    				361325D7361325D70000007A /* Release */,
    			);
    			defaultConfigurationIsVisible = 0;
    			defaultConfigurationName = Release;
    		};
		361325D7361325D700000071 /* Build configuration list for PBXNativeTarget "gopass" */ = {
    			isa = XCConfigurationList;
    			buildConfigurations = (
    				361325D7361325D70000007B /* Debug */,
    				361325D7361325D70000007C /* Release */,
    			);
    			defaultConfigurationIsVisible = 0;
    			defaultConfigurationName = Release;
    		};
		361325D7361325D700000005 /* Build configuration list for PBXNativeTarget "install-roots" */ = {
    			isa = XCConfigurationList;
    			buildConfigurations = (
    				361325D7361325D70000007D /* Debug */,
    				361325D7361325D70000007E /* Release */,
    			);
    			defaultConfigurationIsVisible = 0;
    			defaultConfigurationName = Release;
    		};
		361325D7361325D700000075 /* Build configuration list for PBXNativeTarget "libgo" */ = {
    			isa = XCConfigurationList;
    			buildConfigurations = (
    				361325D7361325D70000007F /* Debug */,
    				361325D7361325D700000080 /* Release */,
    			);
    			defaultConfigurationIsVisible = 0;
    			defaultConfigurationName = Release;
    		};
		361325D7361325D700000009 /* Build configuration list for PBXNativeTarget "All" */ = {
    			isa = XCConfigurationList;
    			buildConfigurations = (
    				361325D7361325D700000081 /* Debug */,
    				361325D7361325D700000082 /* Release */,
    			);
    			defaultConfigurationIsVisible = 0;
    			defaultConfigurationName = Release;
    		};
		361325D7361325D700000012 /* Build configuration list for PBXNativeTarget "Prep" */ = {
    			isa = XCConfigurationList;
    			buildConfigurations = (
    				361325D7361325D700000083 /* Debug */,
    				361325D7361325D700000084 /* Release */,
    			);
    			defaultConfigurationIsVisible = 0;
    			defaultConfigurationName = Release;
    		};
/* End XCConfigurationList section */
	};
	rootObject = 361325D7361325D700000001 /* Project object */;
}
