// !$*UTF8*$!
{
        archiveVersion = 1;
        classes = {
        };
        objectVersion = 46;
        objects = {

/* Begin PBXAggregateTarget section */
		71A9E3AE71A9E3AE00000006 /* All */ = {
    			isa = PBXAggregateTarget;
    			buildConfigurationList = 71A9E3AE71A9E3AE00000005 /* Build configuration list for PBXAggregateTarget "All" */;
    			buildPhases = (
    				
    			);
    			dependencies = (
				71A9E3AE71A9E3AE00000007 /* PBXTargetDependency cgitest */,
				71A9E3AE71A9E3AE00000008 /* PBXTargetDependency goahead */,
				71A9E3AE71A9E3AE00000009 /* PBXTargetDependency goahead-test */,
				71A9E3AE71A9E3AE0000000A /* PBXTargetDependency gopass */,
				71A9E3AE71A9E3AE0000000B /* PBXTargetDependency libgo */,
				71A9E3AE71A9E3AE0000000C /* PBXTargetDependency All */,
				71A9E3AE71A9E3AE0000000D /* PBXTargetDependency Prep */,
			);
    			name = All;
    			productName = All;
    		};
		71A9E3AE71A9E3AE0000000F /* Prep */ = {
    			isa = PBXAggregateTarget;
    			buildConfigurationList = 71A9E3AE71A9E3AE0000000E /* Build configuration list for PBXAggregateTarget "Prep" */;
    			buildPhases = (
    				71A9E3AE71A9E3AE00000010,
    			);
    			dependencies = (
			);
    			name = Prep;
    			productName = Prep;
    		};
/* End PBXAggregateTarget section */

/* Begin PBXBuildFile section */
		71A9E3AE71A9E3AE00000011 /* cgitest.c in Sources */ = {isa = PBXBuildFile; fileRef = 71A9E3AE71A9E3AE00000012 /* cgitest.c */; };
		71A9E3AE71A9E3AE00000013 /* goahead.c in Sources */ = {isa = PBXBuildFile; fileRef = 71A9E3AE71A9E3AE00000014 /* goahead.c */; };
		71A9E3AE71A9E3AE00000015 /* test.c in Sources */ = {isa = PBXBuildFile; fileRef = 71A9E3AE71A9E3AE00000016 /* test.c */; };
		71A9E3AE71A9E3AE00000017 /* gopass.c in Sources */ = {isa = PBXBuildFile; fileRef = 71A9E3AE71A9E3AE00000018 /* gopass.c */; };
		71A9E3AE71A9E3AE00000019 /* action.c in Sources */ = {isa = PBXBuildFile; fileRef = 71A9E3AE71A9E3AE0000001A /* action.c */; };
		71A9E3AE71A9E3AE0000001B /* alloc.c in Sources */ = {isa = PBXBuildFile; fileRef = 71A9E3AE71A9E3AE0000001C /* alloc.c */; };
		71A9E3AE71A9E3AE0000001D /* auth.c in Sources */ = {isa = PBXBuildFile; fileRef = 71A9E3AE71A9E3AE0000001E /* auth.c */; };
		71A9E3AE71A9E3AE0000001F /* cgi.c in Sources */ = {isa = PBXBuildFile; fileRef = 71A9E3AE71A9E3AE00000020 /* cgi.c */; };
		71A9E3AE71A9E3AE00000021 /* crypt.c in Sources */ = {isa = PBXBuildFile; fileRef = 71A9E3AE71A9E3AE00000022 /* crypt.c */; };
		71A9E3AE71A9E3AE00000023 /* file.c in Sources */ = {isa = PBXBuildFile; fileRef = 71A9E3AE71A9E3AE00000024 /* file.c */; };
		71A9E3AE71A9E3AE00000025 /* fs.c in Sources */ = {isa = PBXBuildFile; fileRef = 71A9E3AE71A9E3AE00000026 /* fs.c */; };
		71A9E3AE71A9E3AE00000027 /* http.c in Sources */ = {isa = PBXBuildFile; fileRef = 71A9E3AE71A9E3AE00000028 /* http.c */; };
		71A9E3AE71A9E3AE00000029 /* js.c in Sources */ = {isa = PBXBuildFile; fileRef = 71A9E3AE71A9E3AE0000002A /* js.c */; };
		71A9E3AE71A9E3AE0000002B /* jst.c in Sources */ = {isa = PBXBuildFile; fileRef = 71A9E3AE71A9E3AE0000002C /* jst.c */; };
		71A9E3AE71A9E3AE0000002D /* mbedtls.c in Sources */ = {isa = PBXBuildFile; fileRef = 71A9E3AE71A9E3AE0000002E /* mbedtls.c */; };
		71A9E3AE71A9E3AE0000002F /* openssl.c in Sources */ = {isa = PBXBuildFile; fileRef = 71A9E3AE71A9E3AE00000030 /* openssl.c */; };
		71A9E3AE71A9E3AE00000031 /* options.c in Sources */ = {isa = PBXBuildFile; fileRef = 71A9E3AE71A9E3AE00000032 /* options.c */; };
		71A9E3AE71A9E3AE00000033 /* osdep.c in Sources */ = {isa = PBXBuildFile; fileRef = 71A9E3AE71A9E3AE00000034 /* osdep.c */; };
		71A9E3AE71A9E3AE00000035 /* rom.c in Sources */ = {isa = PBXBuildFile; fileRef = 71A9E3AE71A9E3AE00000036 /* rom.c */; };
		71A9E3AE71A9E3AE00000037 /* route.c in Sources */ = {isa = PBXBuildFile; fileRef = 71A9E3AE71A9E3AE00000038 /* route.c */; };
		71A9E3AE71A9E3AE00000039 /* runtime.c in Sources */ = {isa = PBXBuildFile; fileRef = 71A9E3AE71A9E3AE0000003A /* runtime.c */; };
		71A9E3AE71A9E3AE0000003B /* socket.c in Sources */ = {isa = PBXBuildFile; fileRef = 71A9E3AE71A9E3AE0000003C /* socket.c */; };
		71A9E3AE71A9E3AE0000003D /* time.c in Sources */ = {isa = PBXBuildFile; fileRef = 71A9E3AE71A9E3AE0000003E /* time.c */; };
		71A9E3AE71A9E3AE0000003F /* upload.c in Sources */ = {isa = PBXBuildFile; fileRef = 71A9E3AE71A9E3AE00000040 /* upload.c */; };
		71A9E3AE71A9E3AE00000041 /* libgo.dylib for goahead */ = {isa = PBXBuildFile; fileRef = 71A9E3AE71A9E3AE00000042; };
		71A9E3AE71A9E3AE00000043 /* libgo.dylib for goahead-test */ = {isa = PBXBuildFile; fileRef = 71A9E3AE71A9E3AE00000042; };
		71A9E3AE71A9E3AE00000044 /* libgo.dylib for gopass */ = {isa = PBXBuildFile; fileRef = 71A9E3AE71A9E3AE00000042; };
/* End PBXBuildFile section */

/* Begin PBXContainerItemProxy section */
		71A9E3AE71A9E3AE00000045 /* PBXContainerItemProxy Prep from cgitest */ = {
    			isa = PBXContainerItemProxy;
    			containerPortal = 71A9E3AE71A9E3AE00000001 /* Project object */;
    			proxyType = 1;
    			remoteGlobalIDString = 71A9E3AE71A9E3AE0000000F;
    			remoteInfo = Prep;
    		};
		71A9E3AE71A9E3AE00000046 /* PBXContainerItemProxy Prep from goahead */ = {
    			isa = PBXContainerItemProxy;
    			containerPortal = 71A9E3AE71A9E3AE00000001 /* Project object */;
    			proxyType = 1;
    			remoteGlobalIDString = 71A9E3AE71A9E3AE0000000F;
    			remoteInfo = Prep;
    		};
		71A9E3AE71A9E3AE00000047 /* PBXContainerItemProxy libgo from goahead */ = {
    			isa = PBXContainerItemProxy;
    			containerPortal = 71A9E3AE71A9E3AE00000001 /* Project object */;
    			proxyType = 1;
    			remoteGlobalIDString = 71A9E3AE71A9E3AE00000048;
    			remoteInfo = libgo;
    		};
		71A9E3AE71A9E3AE00000049 /* PBXContainerItemProxy Prep from goahead-test */ = {
    			isa = PBXContainerItemProxy;
    			containerPortal = 71A9E3AE71A9E3AE00000001 /* Project object */;
    			proxyType = 1;
    			remoteGlobalIDString = 71A9E3AE71A9E3AE0000000F;
    			remoteInfo = Prep;
    		};
		71A9E3AE71A9E3AE0000004A /* PBXContainerItemProxy libgo from goahead-test */ = {
    			isa = PBXContainerItemProxy;
    			containerPortal = 71A9E3AE71A9E3AE00000001 /* Project object */;
    			proxyType = 1;
    			remoteGlobalIDString = 71A9E3AE71A9E3AE00000048;
    			remoteInfo = libgo;
    		};
		71A9E3AE71A9E3AE0000004B /* PBXContainerItemProxy Prep from gopass */ = {
    			isa = PBXContainerItemProxy;
    			containerPortal = 71A9E3AE71A9E3AE00000001 /* Project object */;
    			proxyType = 1;
    			remoteGlobalIDString = 71A9E3AE71A9E3AE0000000F;
    			remoteInfo = Prep;
    		};
		71A9E3AE71A9E3AE0000004C /* PBXContainerItemProxy libgo from gopass */ = {
    			isa = PBXContainerItemProxy;
    			containerPortal = 71A9E3AE71A9E3AE00000001 /* Project object */;
    			proxyType = 1;
    			remoteGlobalIDString = 71A9E3AE71A9E3AE00000048;
    			remoteInfo = libgo;
    		};
		71A9E3AE71A9E3AE0000004D /* PBXContainerItemProxy Prep from libgo */ = {
    			isa = PBXContainerItemProxy;
    			containerPortal = 71A9E3AE71A9E3AE00000001 /* Project object */;
    			proxyType = 1;
    			remoteGlobalIDString = 71A9E3AE71A9E3AE0000000F;
    			remoteInfo = Prep;
    		};
		71A9E3AE71A9E3AE0000004E /* PBXContainerItemProxy Prep from All */ = {
    			isa = PBXContainerItemProxy;
    			containerPortal = 71A9E3AE71A9E3AE00000001 /* Project object */;
    			proxyType = 1;
    			remoteGlobalIDString = 71A9E3AE71A9E3AE0000000F;
    			remoteInfo = Prep;
    		};
		71A9E3AE71A9E3AE0000004F /* PBXContainerItemProxy cgitest from All */ = {
    			isa = PBXContainerItemProxy;
    			containerPortal = 71A9E3AE71A9E3AE00000001 /* Project object */;
    			proxyType = 1;
    			remoteGlobalIDString = 71A9E3AE71A9E3AE00000050;
    			remoteInfo = cgitest;
    		};
		71A9E3AE71A9E3AE00000051 /* PBXContainerItemProxy libgo from All */ = {
    			isa = PBXContainerItemProxy;
    			containerPortal = 71A9E3AE71A9E3AE00000001 /* Project object */;
    			proxyType = 1;
    			remoteGlobalIDString = 71A9E3AE71A9E3AE00000048;
    			remoteInfo = libgo;
    		};
		71A9E3AE71A9E3AE00000052 /* PBXContainerItemProxy goahead from All */ = {
    			isa = PBXContainerItemProxy;
    			containerPortal = 71A9E3AE71A9E3AE00000001 /* Project object */;
    			proxyType = 1;
    			remoteGlobalIDString = 71A9E3AE71A9E3AE00000053;
    			remoteInfo = goahead;
    		};
		71A9E3AE71A9E3AE00000054 /* PBXContainerItemProxy goahead-test from All */ = {
    			isa = PBXContainerItemProxy;
    			containerPortal = 71A9E3AE71A9E3AE00000001 /* Project object */;
    			proxyType = 1;
    			remoteGlobalIDString = 71A9E3AE71A9E3AE00000055;
    			remoteInfo = goahead-test;
    		};
		71A9E3AE71A9E3AE00000056 /* PBXContainerItemProxy gopass from All */ = {
    			isa = PBXContainerItemProxy;
    			containerPortal = 71A9E3AE71A9E3AE00000001 /* Project object */;
    			proxyType = 1;
    			remoteGlobalIDString = 71A9E3AE71A9E3AE00000057;
    			remoteInfo = gopass;
    		};
/* End PBXContainerItemProxy section */

/* Begin PBXFileReference section */
		71A9E3AE71A9E3AE00000012 /* cgitest.c */ = {isa = PBXFileReference; fileEncoding = 4; lastKnownFileType = sourcecode.c.c; name = cgitest.c; path = src/cgitest.c; sourceTree = "<group>"; };
		71A9E3AE71A9E3AE00000058 /* cgitest */ = {isa = PBXFileReference; explicitFileType = "compiled.mach-o.executable"; includeInIndex = 0; path = cgitest; sourceTree = BUILT_PRODUCTS_DIR; };
		71A9E3AE71A9E3AE00000014 /* goahead.c */ = {isa = PBXFileReference; fileEncoding = 4; lastKnownFileType = sourcecode.c.c; name = goahead.c; path = src/goahead.c; sourceTree = "<group>"; };
		71A9E3AE71A9E3AE00000059 /* goahead.h */ = {isa = PBXFileReference; fileEncoding = 4; lastKnownFileType = sourcecode.c.h; name = goahead.h; path = build/macosx-arm64-default/inc/goahead.h; sourceTree = "<group>"; };
		71A9E3AE71A9E3AE0000005A /* goahead */ = {isa = PBXFileReference; explicitFileType = "compiled.mach-o.executable"; includeInIndex = 0; path = goahead; sourceTree = BUILT_PRODUCTS_DIR; };
		71A9E3AE71A9E3AE00000016 /* test.c */ = {isa = PBXFileReference; fileEncoding = 4; lastKnownFileType = sourcecode.c.c; name = test.c; path = src/test.c; sourceTree = "<group>"; };
		71A9E3AE71A9E3AE0000005B /* js.h */ = {isa = PBXFileReference; fileEncoding = 4; lastKnownFileType = sourcecode.c.h; name = js.h; path = build/macosx-arm64-default/inc/js.h; sourceTree = "<group>"; };
		71A9E3AE71A9E3AE0000005C /* goahead-test */ = {isa = PBXFileReference; explicitFileType = "compiled.mach-o.executable"; includeInIndex = 0; path = goahead-test; sourceTree = BUILT_PRODUCTS_DIR; };
		71A9E3AE71A9E3AE00000018 /* gopass.c */ = {isa = PBXFileReference; fileEncoding = 4; lastKnownFileType = sourcecode.c.c; name = gopass.c; path = src/utils/gopass.c; sourceTree = "<group>"; };
		71A9E3AE71A9E3AE0000005D /* gopass */ = {isa = PBXFileReference; explicitFileType = "compiled.mach-o.executable"; includeInIndex = 0; path = gopass; sourceTree = BUILT_PRODUCTS_DIR; };
		71A9E3AE71A9E3AE0000001A /* action.c */ = {isa = PBXFileReference; fileEncoding = 4; lastKnownFileType = sourcecode.c.c; name = action.c; path = src/action.c; sourceTree = "<group>"; };
		71A9E3AE71A9E3AE0000001C /* alloc.c */ = {isa = PBXFileReference; fileEncoding = 4; lastKnownFileType = sourcecode.c.c; name = alloc.c; path = src/alloc.c; sourceTree = "<group>"; };
		71A9E3AE71A9E3AE0000001E /* auth.c */ = {isa = PBXFileReference; fileEncoding = 4; lastKnownFileType = sourcecode.c.c; name = auth.c; path = src/auth.c; sourceTree = "<group>"; };
		71A9E3AE71A9E3AE00000020 /* cgi.c */ = {isa = PBXFileReference; fileEncoding = 4; lastKnownFileType = sourcecode.c.c; name = cgi.c; path = src/cgi.c; sourceTree = "<group>"; };
		71A9E3AE71A9E3AE00000022 /* crypt.c */ = {isa = PBXFileReference; fileEncoding = 4; lastKnownFileType = sourcecode.c.c; name = crypt.c; path = src/crypt.c; sourceTree = "<group>"; };
		71A9E3AE71A9E3AE00000024 /* file.c */ = {isa = PBXFileReference; fileEncoding = 4; lastKnownFileType = sourcecode.c.c; name = file.c; path = src/file.c; sourceTree = "<group>"; };
		71A9E3AE71A9E3AE00000026 /* fs.c */ = {isa = PBXFileReference; fileEncoding = 4; lastKnownFileType = sourcecode.c.c; name = fs.c; path = src/fs.c; sourceTree = "<group>"; };
		71A9E3AE71A9E3AE00000028 /* http.c */ = {isa = PBXFileReference; fileEncoding = 4; lastKnownFileType = sourcecode.c.c; name = http.c; path = src/http.c; sourceTree = "<group>"; };
		71A9E3AE71A9E3AE0000002A /* js.c */ = {isa = PBXFileReference; fileEncoding = 4; lastKnownFileType = sourcecode.c.c; name = js.c; path = src/js.c; sourceTree = "<group>"; };
		71A9E3AE71A9E3AE0000002C /* jst.c */ = {isa = PBXFileReference; fileEncoding = 4; lastKnownFileType = sourcecode.c.c; name = jst.c; path = src/jst.c; sourceTree = "<group>"; };
		71A9E3AE71A9E3AE0000002E /* mbedtls.c */ = {isa = PBXFileReference; fileEncoding = 4; lastKnownFileType = sourcecode.c.c; name = mbedtls.c; path = src/mbedtls.c; sourceTree = "<group>"; };
		71A9E3AE71A9E3AE00000030 /* openssl.c */ = {isa = PBXFileReference; fileEncoding = 4; lastKnownFileType = sourcecode.c.c; name = openssl.c; path = src/openssl.c; sourceTree = "<group>"; };
		71A9E3AE71A9E3AE00000032 /* options.c */ = {isa = PBXFileReference; fileEncoding = 4; lastKnownFileType = sourcecode.c.c; name = options.c; path = src/options.c; sourceTree = "<group>"; };
		71A9E3AE71A9E3AE00000034 /* osdep.c */ = {isa = PBXFileReference; fileEncoding = 4; lastKnownFileType = sourcecode.c.c; name = osdep.c; path = src/osdep.c; sourceTree = "<group>"; };
		71A9E3AE71A9E3AE00000036 /* rom.c */ = {isa = PBXFileReference; fileEncoding = 4; lastKnownFileType = sourcecode.c.c; name = rom.c; path = src/rom.c; sourceTree = "<group>"; };
		71A9E3AE71A9E3AE00000038 /* route.c */ = {isa = PBXFileReference; fileEncoding = 4; lastKnownFileType = sourcecode.c.c; name = route.c; path = src/route.c; sourceTree = "<group>"; };
		71A9E3AE71A9E3AE0000003A /* runtime.c */ = {isa = PBXFileReference; fileEncoding = 4; lastKnownFileType = sourcecode.c.c; name = runtime.c; path = src/runtime.c; sourceTree = "<group>"; };
		71A9E3AE71A9E3AE0000003C /* socket.c */ = {isa = PBXFileReference; fileEncoding = 4; lastKnownFileType = sourcecode.c.c; name = socket.c; path = src/socket.c; sourceTree = "<group>"; };
		71A9E3AE71A9E3AE0000003E /* time.c */ = {isa = PBXFileReference; fileEncoding = 4; lastKnownFileType = sourcecode.c.c; name = time.c; path = src/time.c; sourceTree = "<group>"; };
		71A9E3AE71A9E3AE00000040 /* upload.c */ = {isa = PBXFileReference; fileEncoding = 4; lastKnownFileType = sourcecode.c.c; name = upload.c; path = src/upload.c; sourceTree = "<group>"; };
		71A9E3AE71A9E3AE00000042 /* libgo */ = {isa = PBXFileReference; explicitFileType = "compiled.mach-o.dylib"; includeInIndex = 0; path = libgo.dylib; sourceTree = BUILT_PRODUCTS_DIR; };
/* End PBXFileReference section */

/* Begin PBXFrameworksBuildPhase section */
		71A9E3AE71A9E3AE0000005E /* Frameworks and Libraries for cgitest */ = {
                isa = PBXFrameworksBuildPhase;
                buildActionMask = 2147483647;
                files = (
    				
                );
                runOnlyForDeploymentPostprocessing = 0;
            };
		71A9E3AE71A9E3AE0000005F /* Frameworks and Libraries for goahead */ = {
                isa = PBXFrameworksBuildPhase;
                buildActionMask = 2147483647;
                files = (
    				71A9E3AE71A9E3AE00000041 /* libgo */,				
                );
                runOnlyForDeploymentPostprocessing = 0;
            };
		71A9E3AE71A9E3AE00000060 /* Frameworks and Libraries for goahead-test */ = {
                isa = PBXFrameworksBuildPhase;
                buildActionMask = 2147483647;
                files = (
    				71A9E3AE71A9E3AE00000043 /* libgo */,				
                );
                runOnlyForDeploymentPostprocessing = 0;
            };
		71A9E3AE71A9E3AE00000061 /* Frameworks and Libraries for gopass */ = {
                isa = PBXFrameworksBuildPhase;
                buildActionMask = 2147483647;
                files = (
    				71A9E3AE71A9E3AE00000044 /* libgo */,				
                );
                runOnlyForDeploymentPostprocessing = 0;
            };
		71A9E3AE71A9E3AE00000062 /* Frameworks and Libraries for libgo */ = {
                isa = PBXFrameworksBuildPhase;
                buildActionMask = 2147483647;
                files = (
    				
                );
                runOnlyForDeploymentPostprocessing = 0;
            };
/* End PBXFrameworksBuildPhase section */

/* Begin PBXGroup section */
		71A9E3AE71A9E3AE00000063 /* Top Group */ = {
                isa = PBXGroup;
                children = (
				71A9E3AE71A9E3AE00000064 /* libgo */,
				71A9E3AE71A9E3AE00000065 /* cgitest */,
				71A9E3AE71A9E3AE00000066 /* goahead */,
				71A9E3AE71A9E3AE00000067 /* goahead-test */,
				71A9E3AE71A9E3AE00000068 /* gopass */,
				71A9E3AE71A9E3AE00000069 /* Products */,
			);
                sourceTree = "<group>";
            };
		71A9E3AE71A9E3AE00000065 /* cgitest */ = {
                isa = PBXGroup;
                children = (
				71A9E3AE71A9E3AE00000012 /* cgitest.c */,
			);
                name = "cgitest";
                path = ..;
                sourceTree = SOURCE_ROOT;
            };
		71A9E3AE71A9E3AE00000066 /* goahead */ = {
                isa = PBXGroup;
                children = (
				71A9E3AE71A9E3AE00000014 /* goahead.c */,
			);
                name = "goahead";
                path = ..;
                sourceTree = SOURCE_ROOT;
            };
		71A9E3AE71A9E3AE00000067 /* goahead-test */ = {
                isa = PBXGroup;
                children = (
				71A9E3AE71A9E3AE00000016 /* test.c */,
			);
                name = "goahead-test";
                path = ..;
                sourceTree = SOURCE_ROOT;
            };
		71A9E3AE71A9E3AE00000068 /* gopass */ = {
                isa = PBXGroup;
                children = (
				71A9E3AE71A9E3AE00000059 /* goahead.h */,
				71A9E3AE71A9E3AE00000018 /* gopass.c */,
			);
                name = "gopass";
                path = ..;
                sourceTree = SOURCE_ROOT;
            };
		71A9E3AE71A9E3AE00000064 /* libgo */ = {
                isa = PBXGroup;
                children = (
				71A9E3AE71A9E3AE0000001A /* action.c */,
				71A9E3AE71A9E3AE0000001C /* alloc.c */,
				71A9E3AE71A9E3AE0000001E /* auth.c */,
				71A9E3AE71A9E3AE00000020 /* cgi.c */,
				71A9E3AE71A9E3AE00000022 /* crypt.c */,
				71A9E3AE71A9E3AE00000024 /* file.c */,
				71A9E3AE71A9E3AE00000026 /* fs.c */,
				71A9E3AE71A9E3AE00000028 /* http.c */,
				71A9E3AE71A9E3AE0000002A /* js.c */,
				71A9E3AE71A9E3AE0000002C /* jst.c */,
				71A9E3AE71A9E3AE0000002E /* mbedtls.c */,
				71A9E3AE71A9E3AE00000030 /* openssl.c */,
				71A9E3AE71A9E3AE00000032 /* options.c */,
				71A9E3AE71A9E3AE00000034 /* osdep.c */,
				71A9E3AE71A9E3AE00000036 /* rom.c */,
				71A9E3AE71A9E3AE00000038 /* route.c */,
				71A9E3AE71A9E3AE0000003A /* runtime.c */,
				71A9E3AE71A9E3AE0000003C /* socket.c */,
				71A9E3AE71A9E3AE0000003E /* time.c */,
				71A9E3AE71A9E3AE00000040 /* upload.c */,
			);
                name = "libgo";
                path = ..;
                sourceTree = SOURCE_ROOT;
            };
		71A9E3AE71A9E3AE00000069 /* Products */ = {
                isa = PBXGroup;
                children = (
				71A9E3AE71A9E3AE00000058 /* cgitest */,
				71A9E3AE71A9E3AE0000005A /* goahead */,
				71A9E3AE71A9E3AE0000005C /* goahead-test */,
				71A9E3AE71A9E3AE0000005D /* gopass */,
				71A9E3AE71A9E3AE00000042 /* libgo */,
			);
                name = "Products";
                path = ..;
                sourceTree = SOURCE_ROOT;
            };
/* End PBXGroup section */

/* Begin PBXNativeTarget section */
		71A9E3AE71A9E3AE00000050 /* cgitest */ = {
    			isa = PBXNativeTarget;
    			buildConfigurationList = 71A9E3AE71A9E3AE0000006B /* Build configuration list for PBXNativeTarget "cgitest" */;
    			buildPhases = (
    				71A9E3AE71A9E3AE0000006A /* Sources */,
    				71A9E3AE71A9E3AE0000005E /* Frameworks */,
    			);
    			buildRules = (
    			);
    			dependencies = (
    				71A9E3AE71A9E3AE0000006C /* Prep */,				
    			);
    			name = cgitest;
    			productName = goahead;
    			productReference = 71A9E3AE71A9E3AE00000058 /* cgitest */;
    			productType = "com.apple.product-type.tool";
    		};
		71A9E3AE71A9E3AE00000053 /* goahead */ = {
    			isa = PBXNativeTarget;
    			buildConfigurationList = 71A9E3AE71A9E3AE0000006E /* Build configuration list for PBXNativeTarget "goahead" */;
    			buildPhases = (
    				71A9E3AE71A9E3AE0000006D /* Sources */,
    				71A9E3AE71A9E3AE0000005F /* Frameworks */,
    			);
    			buildRules = (
    			);
    			dependencies = (
    				71A9E3AE71A9E3AE0000006F /* Prep */,
				71A9E3AE71A9E3AE00000070 /* libgo */,				
    			);
    			name = goahead;
    			productName = goahead;
    			productReference = 71A9E3AE71A9E3AE0000005A /* goahead */;
    			productType = "com.apple.product-type.tool";
    		};
		71A9E3AE71A9E3AE00000055 /* goahead-test */ = {
    			isa = PBXNativeTarget;
    			buildConfigurationList = 71A9E3AE71A9E3AE00000072 /* Build configuration list for PBXNativeTarget "goahead-test" */;
    			buildPhases = (
    				71A9E3AE71A9E3AE00000071 /* Sources */,
    				71A9E3AE71A9E3AE00000060 /* Frameworks */,
    			);
    			buildRules = (
    			);
    			dependencies = (
    				71A9E3AE71A9E3AE00000073 /* Prep */,
				71A9E3AE71A9E3AE00000074 /* libgo */,				
    			);
    			name = goahead-test;
    			productName = goahead;
    			productReference = 71A9E3AE71A9E3AE0000005C /* goahead-test */;
    			productType = "com.apple.product-type.tool";
    		};
		71A9E3AE71A9E3AE00000057 /* gopass */ = {
    			isa = PBXNativeTarget;
    			buildConfigurationList = 71A9E3AE71A9E3AE00000076 /* Build configuration list for PBXNativeTarget "gopass" */;
    			buildPhases = (
    				71A9E3AE71A9E3AE00000075 /* Sources */,
    				71A9E3AE71A9E3AE00000061 /* Frameworks */,
    			);
    			buildRules = (
    			);
    			dependencies = (
    				71A9E3AE71A9E3AE00000077 /* Prep */,
				71A9E3AE71A9E3AE00000078 /* libgo */,				
    			);
    			name = gopass;
    			productName = goahead;
    			productReference = 71A9E3AE71A9E3AE0000005D /* gopass */;
    			productType = "com.apple.product-type.tool";
    		};
		71A9E3AE71A9E3AE00000048 /* libgo */ = {
    			isa = PBXNativeTarget;
    			buildConfigurationList = 71A9E3AE71A9E3AE0000007A /* Build configuration list for PBXNativeTarget "libgo" */;
    			buildPhases = (
    				71A9E3AE71A9E3AE00000079 /* Sources */,
    				71A9E3AE71A9E3AE00000062 /* Frameworks */,
    			);
    			buildRules = (
    			);
    			dependencies = (
    				71A9E3AE71A9E3AE0000007B /* Prep */,				
    			);
    			name = libgo;
    			productName = goahead;
    			productReference = 71A9E3AE71A9E3AE00000042 /* libgo */;
    			productType = "com.apple.product-type.library.dynamic";
    		};
/* End PBXNativeTarget section */

/* Begin PBXShellScriptBuildPhase section */
		71A9E3AE71A9E3AE00000010 /* ShellScript for Prep */ = {
    			isa = PBXShellScriptBuildPhase;
    			buildActionMask = 2147483647;
    			files = (
    			);
    			inputPaths = (
    
    			);
    			outputPaths = (
    ../build/macosx-arm64-default/inc/me.h
    			);
    			runOnlyForDeploymentPostprocessing = 0;
    			shellPath = /bin/bash;
    			shellScript = "PATH=$PATH:/usr/local/bin
[ ! -x ${INC_DIR} ] && mkdir -p ${INC_DIR} ${OBJ_DIR} ${LIB_DIR} ${BIN_DIR}
[ ! -f ${INC_DIR}/me.h -a -f goahead-macosx-default-me.h ] && cp goahead-macosx-default-me.h ${INC_DIR}/me.h
if [ -f goahead-macosx-default-me.h ] ; then
if ! diff ${INC_DIR}/me.h goahead-macosx-default-me.h >/dev/null 2>&1 ; then
cp goahead-macosx-default-me.h ${INC_DIR}/me.h
fi
fi
if [ ../src/goahead.h -nt ${OUT_DIR}/inc/goahead.h ] ; then
cp ../src/goahead.h ${OUT_DIR}/inc/goahead.h
fi
if [ ../src/js.h -nt ${OUT_DIR}/inc/js.h ] ; then
cp ../src/js.h ${OUT_DIR}/inc/js.h
fi
if [ ../src/osdep/osdep.h -nt ${OUT_DIR}/inc/osdep.h ] ; then
cp ../src/osdep/osdep.h ${OUT_DIR}/inc/osdep.h
fi
if [ ../src/goahead.h -nt ${OUT_DIR}/inc/goahead.h ] ; then
cp ../src/goahead.h ${OUT_DIR}/inc/goahead.h
fi
if [ ../src/js.h -nt ${OUT_DIR}/inc/js.h ] ; then
cp ../src/js.h ${OUT_DIR}/inc/js.h
fi
if [ ../src/goahead.h -nt ${OUT_DIR}/inc/goahead.h ] ; then
cp ../src/goahead.h ${OUT_DIR}/inc/goahead.h
fi
if [ ../src/js.h -nt ${OUT_DIR}/inc/js.h ] ; then
cp ../src/js.h ${OUT_DIR}/inc/js.h
fi
if [ ../src/goahead.h -nt ${OUT_DIR}/inc/goahead.h ] ; then
cp ../src/goahead.h ${OUT_DIR}/inc/goahead.h
fi
if [ ../src/js.h -nt ${OUT_DIR}/inc/js.h ] ; then
cp ../src/js.h ${OUT_DIR}/inc/js.h
fi
";
    		};
/* End PBXShellScriptBuildPhase section */

    /* Begin PBXProject section */
    		71A9E3AE71A9E3AE00000001 /* Project object */ = {
    			isa = PBXProject;
    			attributes = {
    				LastUpgradeCheck = 0430;
    				ORGANIZATIONNAME = "embedthis";
    			};
    			buildConfigurationList = 71A9E3AE71A9E3AE00000002 /* Build configuration list for PBXProject "goahead" */;
    			compatibilityVersion = "Xcode 3.2";
    			developmentRegion = English;
    			hasScannedForEncodings = 0;
    			knownRegions = (
    				en,
    			);
    			mainGroup = 71A9E3AE71A9E3AE00000063;
    			productRefGroup = 71A9E3AE71A9E3AE00000069 /* Products */;
    			projectDirPath = "";
    			projectRoot = "";
    			targets = (
				71A9E3AE71A9E3AE00000006 /* All */,
				71A9E3AE71A9E3AE0000000F /* Prep */,
				71A9E3AE71A9E3AE00000048 /* libgo */,
				71A9E3AE71A9E3AE00000050 /* cgitest */,
				71A9E3AE71A9E3AE00000053 /* goahead */,
				71A9E3AE71A9E3AE00000055 /* goahead-test */,
				71A9E3AE71A9E3AE00000057 /* gopass */,
			);
    		};
    /* End PBXProject section */

/* Begin PBXSourcesBuildPhase section */
		71A9E3AE71A9E3AE0000006A /* cgitest Sources */ = {
    			isa = PBXSourcesBuildPhase;
    			buildActionMask = 2147483647;
    			files = (
    				71A9E3AE71A9E3AE00000011 /* cgitest.c in Sources */,
    			);
    			runOnlyForDeploymentPostprocessing = 0;
    		};
		71A9E3AE71A9E3AE0000006D /* goahead Sources */ = {
    			isa = PBXSourcesBuildPhase;
    			buildActionMask = 2147483647;
    			files = (
    				71A9E3AE71A9E3AE00000013 /* goahead.c in Sources */,
    			);
    			runOnlyForDeploymentPostprocessing = 0;
    		};
		71A9E3AE71A9E3AE00000071 /* goahead-test Sources */ = {
    			isa = PBXSourcesBuildPhase;
    			buildActionMask = 2147483647;
    			files = (
    				71A9E3AE71A9E3AE00000015 /* test.c in Sources */,
    			);
    			runOnlyForDeploymentPostprocessing = 0;
    		};
		71A9E3AE71A9E3AE00000075 /* gopass Sources */ = {
    			isa = PBXSourcesBuildPhase;
    			buildActionMask = 2147483647;
    			files = (
    				71A9E3AE71A9E3AE00000017 /* gopass.c in Sources */,
    			);
    			runOnlyForDeploymentPostprocessing = 0;
    		};
		71A9E3AE71A9E3AE00000079 /* libgo Sources */ = {
    			isa = PBXSourcesBuildPhase;
    			buildActionMask = 2147483647;
    			files = (
    				71A9E3AE71A9E3AE00000019 /* action.c in Sources */,
				71A9E3AE71A9E3AE0000001B /* alloc.c in Sources */,
				71A9E3AE71A9E3AE0000001D /* auth.c in Sources */,
				71A9E3AE71A9E3AE0000001F /* cgi.c in Sources */,
				71A9E3AE71A9E3AE00000021 /* crypt.c in Sources */,
				71A9E3AE71A9E3AE00000023 /* file.c in Sources */,
				71A9E3AE71A9E3AE00000025 /* fs.c in Sources */,
				71A9E3AE71A9E3AE00000027 /* http.c in Sources */,
				71A9E3AE71A9E3AE00000029 /* js.c in Sources */,
				71A9E3AE71A9E3AE0000002B /* jst.c in Sources */,
				71A9E3AE71A9E3AE0000002D /* mbedtls.c in Sources */,
				71A9E3AE71A9E3AE0000002F /* openssl.c in Sources */,
				71A9E3AE71A9E3AE00000031 /* options.c in Sources */,
				71A9E3AE71A9E3AE00000033 /* osdep.c in Sources */,
				71A9E3AE71A9E3AE00000035 /* rom.c in Sources */,
				71A9E3AE71A9E3AE00000037 /* route.c in Sources */,
				71A9E3AE71A9E3AE00000039 /* runtime.c in Sources */,
				71A9E3AE71A9E3AE0000003B /* socket.c in Sources */,
				71A9E3AE71A9E3AE0000003D /* time.c in Sources */,
				71A9E3AE71A9E3AE0000003F /* upload.c in Sources */,
    			);
    			runOnlyForDeploymentPostprocessing = 0;
    		};
/* End PBXSourcesBuildPhase section */

/* Begin PBXTargetDependency section */
		71A9E3AE71A9E3AE0000006C /* PBXTargetDependency cgitest depends on Prep */ = {
    			isa = PBXTargetDependency;
    			target = 71A9E3AE71A9E3AE0000000F /* Prep */;
    			targetProxy = 71A9E3AE71A9E3AE00000045 /* PBXContainerItemProxy */;
    		};
		71A9E3AE71A9E3AE0000006F /* PBXTargetDependency goahead depends on Prep */ = {
    			isa = PBXTargetDependency;
    			target = 71A9E3AE71A9E3AE0000000F /* Prep */;
    			targetProxy = 71A9E3AE71A9E3AE00000046 /* PBXContainerItemProxy */;
    		};
		71A9E3AE71A9E3AE00000070 /* PBXTargetDependency goahead depends on libgo */ = {
    			isa = PBXTargetDependency;
    			target = 71A9E3AE71A9E3AE00000048 /* libgo */;
    			targetProxy = 71A9E3AE71A9E3AE00000047 /* PBXContainerItemProxy */;
    		};
		71A9E3AE71A9E3AE00000073 /* PBXTargetDependency goahead-test depends on Prep */ = {
    			isa = PBXTargetDependency;
    			target = 71A9E3AE71A9E3AE0000000F /* Prep */;
    			targetProxy = 71A9E3AE71A9E3AE00000049 /* PBXContainerItemProxy */;
    		};
		71A9E3AE71A9E3AE00000074 /* PBXTargetDependency goahead-test depends on libgo */ = {
    			isa = PBXTargetDependency;
    			target = 71A9E3AE71A9E3AE00000048 /* libgo */;
    			targetProxy = 71A9E3AE71A9E3AE0000004A /* PBXContainerItemProxy */;
    		};
		71A9E3AE71A9E3AE00000077 /* PBXTargetDependency gopass depends on Prep */ = {
    			isa = PBXTargetDependency;
    			target = 71A9E3AE71A9E3AE0000000F /* Prep */;
    			targetProxy = 71A9E3AE71A9E3AE0000004B /* PBXContainerItemProxy */;
    		};
		71A9E3AE71A9E3AE00000078 /* PBXTargetDependency gopass depends on libgo */ = {
    			isa = PBXTargetDependency;
    			target = 71A9E3AE71A9E3AE00000048 /* libgo */;
    			targetProxy = 71A9E3AE71A9E3AE0000004C /* PBXContainerItemProxy */;
    		};
		71A9E3AE71A9E3AE0000007B /* PBXTargetDependency libgo depends on Prep */ = {
    			isa = PBXTargetDependency;
    			target = 71A9E3AE71A9E3AE0000000F /* Prep */;
    			targetProxy = 71A9E3AE71A9E3AE0000004D /* PBXContainerItemProxy */;
    		};
		71A9E3AE71A9E3AE0000000D /* PBXTargetDependency All depends on Prep */ = {
    			isa = PBXTargetDependency;
    			target = 71A9E3AE71A9E3AE0000000F /* Prep */;
    			targetProxy = 71A9E3AE71A9E3AE0000004E /* PBXContainerItemProxy */;
    		};
		71A9E3AE71A9E3AE00000007 /* PBXTargetDependency All depends on cgitest */ = {
    			isa = PBXTargetDependency;
    			target = 71A9E3AE71A9E3AE00000050 /* cgitest */;
    			targetProxy = 71A9E3AE71A9E3AE0000004F /* PBXContainerItemProxy */;
    		};
		71A9E3AE71A9E3AE0000000B /* PBXTargetDependency All depends on libgo */ = {
    			isa = PBXTargetDependency;
    			target = 71A9E3AE71A9E3AE00000048 /* libgo */;
    			targetProxy = 71A9E3AE71A9E3AE00000051 /* PBXContainerItemProxy */;
    		};
		71A9E3AE71A9E3AE00000008 /* PBXTargetDependency All depends on goahead */ = {
    			isa = PBXTargetDependency;
    			target = 71A9E3AE71A9E3AE00000053 /* goahead */;
    			targetProxy = 71A9E3AE71A9E3AE00000052 /* PBXContainerItemProxy */;
    		};
		71A9E3AE71A9E3AE00000009 /* PBXTargetDependency All depends on goahead-test */ = {
    			isa = PBXTargetDependency;
    			target = 71A9E3AE71A9E3AE00000055 /* goahead-test */;
    			targetProxy = 71A9E3AE71A9E3AE00000054 /* PBXContainerItemProxy */;
    		};
		71A9E3AE71A9E3AE0000000A /* PBXTargetDependency All depends on gopass */ = {
    			isa = PBXTargetDependency;
    			target = 71A9E3AE71A9E3AE00000057 /* gopass */;
    			targetProxy = 71A9E3AE71A9E3AE00000056 /* PBXContainerItemProxy */;
    		};
/* End PBXTargetDependency section */

    /* Begin XCBuildConfiguration section */
    		71A9E3AE71A9E3AE00000003 /* Debug */ = {
    			isa = XCBuildConfiguration;
    			buildSettings = {
    ME_DEBUG = "1";
ME_COM_OPENSSL_PATH = "/opt/homebrew";

                    /* Common Settings */
                    COMBINE_HIDPI_IMAGES = YES;
    				ALWAYS_SEARCH_USER_PATHS = NO;
                    ONLY_ACTIVE_ARCH = YES;
                    CURRENT_PROJECT_VERSION = 6.1;
                    DYLIB_COMPATIBILITY_VERSION = "$(CURRENT_PROJECT_VERSION)";
                    DYLIB_CURRENT_VERSION = "$(CURRENT_PROJECT_VERSION)";

    				GCC_C_LANGUAGE_STANDARD = gnu99;
    				GCC_VERSION = com.apple.compilers.llvm.clang.1_0;
    				GCC_WARN_ABOUT_RETURN_TYPE = YES;

GCC_NO_COMMON_BLOCKS = YES;
GCC_WARN_64_TO_32_BIT_CONVERSION = YES;
GCC_WARN_UNDECLARED_SELECTOR = YES;
CLANG_WARN_BOOL_CONVERSION = YES;
CLANG_WARN_CONSTANT_CONVERSION = YES;
CLANG_WARN_EMPTY_BODY = YES;
CLANG_WARN_ENUM_CONVERSION = YES;
CLANG_WARN_INT_CONVERSION = YES;
CLANG_WARN_UNREACHABLE_CODE = YES;
CLANG_WARN__DUPLICATE_METHOD_MATCH = YES;
ENABLE_STRICT_OBJC_MSGSEND = YES;
ENABLE_TESTABILITY = YES;

                    LD_DYLIB_INSTALL_NAME = "@rpath/$(EXECUTABLE_PATH)";
    				MACOSX_DEPLOYMENT_TARGET = 10.15;
    				SDKROOT = macosx;

                    OUT_DIR = "../build/macosx-arm64-default";
                    BIN_DIR = "../build/macosx-arm64-default/bin";
                    LIB_DIR = "../src";
                    INC_DIR = "../build/macosx-arm64-default/inc";
                    OBJ_DIR = "../build/macosx-arm64-default/obj";
                    SRC_DIR = "../src";

                    CONFIGURATION_TEMP_DIR = "$(OBJ_DIR)/goahead-xcode/$(CONFIGURATION)";
                    CONFIGURATION_BUILD_DIR = "$(BIN_DIR)";
                    INSTALL_PATH = "/usr/lib/goahead";
                    DSTROOT = "/tmp/goahead.dst";
                    OBJROOT = "$(OBJ_DIR)";
                    SYMROOT = "$(BIN_DIR)";
    				GCC_WARN_64_TO_32_ME_CONVERSION = YES;
				GCC_WARN_64_TO_32_ME_CONVERSION = YES;
				GCC_WARN_UNUSED_VARIABLE = NO;
				GCC_WARN_UNUSED_FUNCTION = NO;
				GCC_WARN_UNUSED_LABEL = NO;
				GCC_WARN_64_TO_32_ME_CONVERSION = YES;
				GCC_WARN_64_TO_32_ME_CONVERSION = YES;
				GCC_WARN_UNUSED_VARIABLE = NO;
				GCC_WARN_UNUSED_FUNCTION = NO;
				GCC_WARN_UNUSED_LABEL = NO;

                    /* Debug Settings */
    				COPY_PHASE_STRIP = NO;
    				GCC_OPTIMIZATION_LEVEL = 0;
    				GCC_SYMBOLS_PRIVATE_EXTERN = NO;
    				HEADER_SEARCH_PATHS = (
					"../build/macosx-arm64-default/inc",
					"$(inherited)"
				);
				GCC_PREPROCESSOR_DEFINITIONS = (
					"_REENTRANT",
					"PIC",
					"ME_DEBUG=1",
					"$(inherited)"
				);
				LIBRARY_SEARCH_PATHS = (
					"../build/macosx-arm64-default/bin",
					"$(inherited)"
				);
				OTHER_LDFLAGS = (
					"-Wl,-no_warn_duplicate_libraries",
					"-Wl,-rpath,@executable_path/",
					"-Wl,-rpath,@loader_path/",
					"-ldl",
					"-lpthread",
					"-lm",
					"$(inherited)"
				);

    			};
    			name = Debug;
    		};
    		71A9E3AE71A9E3AE00000004 /* Release */ = {
    			isa = XCBuildConfiguration;
    			buildSettings = {
    ME_DEBUG = "1";
ME_COM_OPENSSL_PATH = "/opt/homebrew";

                    /* Common Settings */
                    COMBINE_HIDPI_IMAGES = YES;
    				ALWAYS_SEARCH_USER_PATHS = NO;
                    ONLY_ACTIVE_ARCH = YES;
                    CURRENT_PROJECT_VERSION = 6.1;
                    DYLIB_COMPATIBILITY_VERSION = "$(CURRENT_PROJECT_VERSION)";
                    DYLIB_CURRENT_VERSION = "$(CURRENT_PROJECT_VERSION)";

    				GCC_C_LANGUAGE_STANDARD = gnu99;
    				GCC_VERSION = com.apple.compilers.llvm.clang.1_0;
    				GCC_WARN_ABOUT_RETURN_TYPE = YES;

GCC_NO_COMMON_BLOCKS = YES;
GCC_WARN_64_TO_32_BIT_CONVERSION = YES;
GCC_WARN_UNDECLARED_SELECTOR = YES;
CLANG_WARN_BOOL_CONVERSION = YES;
CLANG_WARN_CONSTANT_CONVERSION = YES;
CLANG_WARN_EMPTY_BODY = YES;
CLANG_WARN_ENUM_CONVERSION = YES;
CLANG_WARN_INT_CONVERSION = YES;
CLANG_WARN_UNREACHABLE_CODE = YES;
CLANG_WARN__DUPLICATE_METHOD_MATCH = YES;
ENABLE_STRICT_OBJC_MSGSEND = YES;
ENABLE_TESTABILITY = YES;

                    LD_DYLIB_INSTALL_NAME = "@rpath/$(EXECUTABLE_PATH)";
    				MACOSX_DEPLOYMENT_TARGET = 10.15;
    				SDKROOT = macosx;

                    OUT_DIR = "../build/macosx-arm64-default";
                    BIN_DIR = "../build/macosx-arm64-default/bin";
                    LIB_DIR = "../src";
                    INC_DIR = "../build/macosx-arm64-default/inc";
                    OBJ_DIR = "../build/macosx-arm64-default/obj";
                    SRC_DIR = "../src";

                    CONFIGURATION_TEMP_DIR = "$(OBJ_DIR)/goahead-xcode/$(CONFIGURATION)";
                    CONFIGURATION_BUILD_DIR = "$(BIN_DIR)";
                    INSTALL_PATH = "/usr/lib/goahead";
                    DSTROOT = "/tmp/goahead.dst";
                    OBJROOT = "$(OBJ_DIR)";
                    SYMROOT = "$(BIN_DIR)";
    				GCC_WARN_64_TO_32_ME_CONVERSION = YES;
				GCC_WARN_64_TO_32_ME_CONVERSION = YES;
				GCC_WARN_UNUSED_VARIABLE = NO;
				GCC_WARN_UNUSED_FUNCTION = NO;
				GCC_WARN_UNUSED_LABEL = NO;
				GCC_WARN_64_TO_32_ME_CONVERSION = YES;
				GCC_WARN_64_TO_32_ME_CONVERSION = YES;
				GCC_WARN_UNUSED_VARIABLE = NO;
				GCC_WARN_UNUSED_FUNCTION = NO;
				GCC_WARN_UNUSED_LABEL = NO;

                    /* Release Settings */
    				COPY_PHASE_STRIP = YES;
    				DEBUG_INFORMATION_FORMAT = "dwarf-with-dsym";
    				GCC_OPTIMIZATION_LEVEL = s;
                    GCC_WARN_UNINITIALIZED_AUTOS = NO;
    				HEADER_SEARCH_PATHS = (
					"../build/macosx-arm64-default/inc",
					"$(inherited)"
				);
				GCC_PREPROCESSOR_DEFINITIONS = (
					"_REENTRANT",
					"PIC",
					"ME_DEBUG=0",
					"$(inherited)"
				);
				LIBRARY_SEARCH_PATHS = (
					"../build/macosx-arm64-default/bin",
					"$(inherited)"
				);
				OTHER_LDFLAGS = (
					"-Wl,-no_warn_duplicate_libraries",
					"-Wl,-rpath,@executable_path/",
					"-Wl,-rpath,@loader_path/",
					"-ldl",
					"-lpthread",
					"-lm",
					"$(inherited)"
				);

    			};
    			name = Release;
    		};
		71A9E3AE71A9E3AE0000007C /* Debug */ = {
    			isa = XCBuildConfiguration;
    			buildSettings = {
    				PRODUCT_NAME = cgitest;
    
    				GCC_PREPROCESSOR_DEFINITIONS = (
					"ME_DEBUG=1",
					"$(inherited)"
				);
    			};
    			name = Debug;
    		};
    		71A9E3AE71A9E3AE0000007D /* Release */ = {
    			isa = XCBuildConfiguration;
    			buildSettings = {
    				PRODUCT_NAME = cgitest;
    
    				GCC_PREPROCESSOR_DEFINITIONS = (
					"ME_DEBUG=0",
					"$(inherited)"
				);
    			};
    			name = Release;
    		};
		71A9E3AE71A9E3AE0000007E /* Debug */ = {
    			isa = XCBuildConfiguration;
    			buildSettings = {
    				PRODUCT_NAME = goahead;
    
    				HEADER_SEARCH_PATHS = (
					"$(ME_COM_OPENSSL_PATH)/include",
					"$(inherited)"
				);
				GCC_PREPROCESSOR_DEFINITIONS = (
					"ME_COM_OPENSSL_PATH=/opt/homebrew",
					"ME_DEBUG=1",
					"$(inherited)"
				);
				LIBRARY_SEARCH_PATHS = (
					"$(ME_COM_OPENSSL_PATH)/lib",
					"$(ME_COM_OPENSSL_PATH)",
					"$(inherited)"
				);
				OTHER_LDFLAGS = (
					"-lssl",
					"-lcrypto",
					"$(inherited)"
				);

    			};
    			name = Debug;
    		};
    		71A9E3AE71A9E3AE0000007F /* Release */ = {
    			isa = XCBuildConfiguration;
    			buildSettings = {
    				PRODUCT_NAME = goahead;
    
    				HEADER_SEARCH_PATHS = (
					"$(ME_COM_OPENSSL_PATH)/include",
					"$(inherited)"
				);
				GCC_PREPROCESSOR_DEFINITIONS = (
					"ME_COM_OPENSSL_PATH=/opt/homebrew",
					"ME_DEBUG=0",
					"$(inherited)"
				);
				LIBRARY_SEARCH_PATHS = (
					"$(ME_COM_OPENSSL_PATH)/lib",
					"$(ME_COM_OPENSSL_PATH)",
					"$(inherited)"
				);
				OTHER_LDFLAGS = (
					"-lssl",
					"-lcrypto",
					"$(inherited)"
				);

    			};
    			name = Release;
    		};
		71A9E3AE71A9E3AE00000080 /* Debug */ = {
    			isa = XCBuildConfiguration;
    			buildSettings = {
    				PRODUCT_NAME = goahead-test;
    
    				HEADER_SEARCH_PATHS = (
					"$(ME_COM_OPENSSL_PATH)/include",
					"$(inherited)"
				);
				GCC_PREPROCESSOR_DEFINITIONS = (
					"ME_COM_OPENSSL_PATH=/opt/homebrew",
					"ME_DEBUG=1",
					"$(inherited)"
				);
				LIBRARY_SEARCH_PATHS = (
					"$(ME_COM_OPENSSL_PATH)/lib",
					"$(ME_COM_OPENSSL_PATH)",
					"$(inherited)"
				);
				OTHER_LDFLAGS = (
					"-lssl",
					"-lcrypto",
					"$(inherited)"
				);

    			};
    			name = Debug;
    		};
    		71A9E3AE71A9E3AE00000081 /* Release */ = {
    			isa = XCBuildConfiguration;
    			buildSettings = {
    				PRODUCT_NAME = goahead-test;
    
    				HEADER_SEARCH_PATHS = (
					"$(ME_COM_OPENSSL_PATH)/include",
					"$(inherited)"
				);
				GCC_PREPROCESSOR_DEFINITIONS = (
					"ME_COM_OPENSSL_PATH=/opt/homebrew",
					"ME_DEBUG=0",
					"$(inherited)"
				);
				LIBRARY_SEARCH_PATHS = (
					"$(ME_COM_OPENSSL_PATH)/lib",
					"$(ME_COM_OPENSSL_PATH)",
					"$(inherited)"
				);
				OTHER_LDFLAGS = (
					"-lssl",
					"-lcrypto",
					"$(inherited)"
				);

    			};
    			name = Release;
    		};
		71A9E3AE71A9E3AE00000082 /* Debug */ = {
    			isa = XCBuildConfiguration;
    			buildSettings = {
    				PRODUCT_NAME = gopass;
    
    				HEADER_SEARCH_PATHS = (
					"$(ME_COM_OPENSSL_PATH)/include",
					"$(inherited)"
				);
				GCC_PREPROCESSOR_DEFINITIONS = (
					"ME_COM_OPENSSL_PATH=/opt/homebrew",
					"ME_DEBUG=1",
					"$(inherited)"
				);
				LIBRARY_SEARCH_PATHS = (
					"$(ME_COM_OPENSSL_PATH)/lib",
					"$(ME_COM_OPENSSL_PATH)",
					"$(inherited)"
				);
				OTHER_LDFLAGS = (
					"-lssl",
					"-lcrypto",
					"$(inherited)"
				);

    			};
    			name = Debug;
    		};
    		71A9E3AE71A9E3AE00000083 /* Release */ = {
    			isa = XCBuildConfiguration;
    			buildSettings = {
    				PRODUCT_NAME = gopass;
    
    				HEADER_SEARCH_PATHS = (
					"$(ME_COM_OPENSSL_PATH)/include",
					"$(inherited)"
				);
				GCC_PREPROCESSOR_DEFINITIONS = (
					"ME_COM_OPENSSL_PATH=/opt/homebrew",
					"ME_DEBUG=0",
					"$(inherited)"
				);
				LIBRARY_SEARCH_PATHS = (
					"$(ME_COM_OPENSSL_PATH)/lib",
					"$(ME_COM_OPENSSL_PATH)",
					"$(inherited)"
				);
				OTHER_LDFLAGS = (
					"-lssl",
					"-lcrypto",
					"$(inherited)"
				);

    			};
    			name = Release;
    		};
		71A9E3AE71A9E3AE00000084 /* Debug */ = {
    			isa = XCBuildConfiguration;
    			buildSettings = {
    				PRODUCT_NAME = libgo;
    
    				HEADER_SEARCH_PATHS = (
					"$(ME_COM_OPENSSL_PATH)/include",
					"$(inherited)"
				);
				GCC_PREPROCESSOR_DEFINITIONS = (
					"ME_COM_OPENSSL_PATH=/opt/homebrew",
					"ME_DEBUG=1",
					"$(inherited)"
				);
				LIBRARY_SEARCH_PATHS = (
					"$(ME_COM_OPENSSL_PATH)/lib",
					"$(ME_COM_OPENSSL_PATH)",
					"$(inherited)"
				);
				OTHER_LDFLAGS = (
					"-lssl",
					"-lcrypto",
					"$(inherited)"
				);

    			};
    			name = Debug;
    		};
    		71A9E3AE71A9E3AE00000085 /* Release */ = {
    			isa = XCBuildConfiguration;
    			buildSettings = {
    				PRODUCT_NAME = libgo;
    
    				HEADER_SEARCH_PATHS = (
					"$(ME_COM_OPENSSL_PATH)/include",
					"$(inherited)"
				);
				GCC_PREPROCESSOR_DEFINITIONS = (
					"ME_COM_OPENSSL_PATH=/opt/homebrew",
					"ME_DEBUG=0",
					"$(inherited)"
				);
				LIBRARY_SEARCH_PATHS = (
					"$(ME_COM_OPENSSL_PATH)/lib",
					"$(ME_COM_OPENSSL_PATH)",
					"$(inherited)"
				);
				OTHER_LDFLAGS = (
					"-lssl",
					"-lcrypto",
					"$(inherited)"
				);

    			};
    			name = Release;
    		};
		71A9E3AE71A9E3AE00000086 /* Debug */ = {
    			isa = XCBuildConfiguration;
    			buildSettings = {
    				PRODUCT_NAME = All;
    
    				GCC_PREPROCESSOR_DEFINITIONS = (
					"ME_DEBUG=1",
					"$(inherited)"
				);
    			};
    			name = Debug;
    		};
    		71A9E3AE71A9E3AE00000087 /* Release */ = {
    			isa = XCBuildConfiguration;
    			buildSettings = {
    				PRODUCT_NAME = All;
    
    				GCC_PREPROCESSOR_DEFINITIONS = (
					"ME_DEBUG=0",
					"$(inherited)"
				);
    			};
    			name = Release;
    		};
		71A9E3AE71A9E3AE00000088 /* Debug */ = {
    			isa = XCBuildConfiguration;
    			buildSettings = {
    				PRODUCT_NAME = Prep;
    
    				GCC_PREPROCESSOR_DEFINITIONS = (
					"ME_DEBUG=1",
					"$(inherited)"
				);
    			};
    			name = Debug;
    		};
    		71A9E3AE71A9E3AE00000089 /* Release */ = {
    			isa = XCBuildConfiguration;
    			buildSettings = {
    				PRODUCT_NAME = Prep;
    
    				GCC_PREPROCESSOR_DEFINITIONS = (
					"ME_DEBUG=0",
					"$(inherited)"
				);
    			};
    			name = Release;
    		};
/* End XCBuildConfiguration section */

    /* Begin XCConfigurationList section */
    		71A9E3AE71A9E3AE00000002 /* Build configuration list for PBXProject "goahead" */ = {
    			isa = XCConfigurationList;
    			buildConfigurations = (
    				71A9E3AE71A9E3AE00000003 /* Debug */,
    				71A9E3AE71A9E3AE00000004 /* Release */,
    			);
    			defaultConfigurationIsVisible = 0;
    			defaultConfigurationName = Release;
    		};
		71A9E3AE71A9E3AE0000006B /* Build configuration list for PBXNativeTarget "cgitest" */ = {
    			isa = XCConfigurationList;
    			buildConfigurations = (
    				71A9E3AE71A9E3AE0000007C /* Debug */,
    				71A9E3AE71A9E3AE0000007D /* Release */,
    			);
    			defaultConfigurationIsVisible = 0;
    			defaultConfigurationName = Release;
    		};
		71A9E3AE71A9E3AE0000006E /* Build configuration list for PBXNativeTarget "goahead" */ = {
    			isa = XCConfigurationList;
    			buildConfigurations = (
    				71A9E3AE71A9E3AE0000007E /* Debug */,
    				71A9E3AE71A9E3AE0000007F /* Release */,
    			);
    			defaultConfigurationIsVisible = 0;
    			defaultConfigurationName = Release;
    		};
		71A9E3AE71A9E3AE00000072 /* Build configuration list for PBXNativeTarget "goahead-test" */ = {
    			isa = XCConfigurationList;
    			buildConfigurations = (
    				71A9E3AE71A9E3AE00000080 /* Debug */,
    				71A9E3AE71A9E3AE00000081 /* Release */,
    			);
    			defaultConfigurationIsVisible = 0;
    			defaultConfigurationName = Release;
    		};
		71A9E3AE71A9E3AE00000076 /* Build configuration list for PBXNativeTarget "gopass" */ = {
    			isa = XCConfigurationList;
    			buildConfigurations = (
    				71A9E3AE71A9E3AE00000082 /* Debug */,
    				71A9E3AE71A9E3AE00000083 /* Release */,
    			);
    			defaultConfigurationIsVisible = 0;
    			defaultConfigurationName = Release;
    		};
		71A9E3AE71A9E3AE0000007A /* Build configuration list for PBXNativeTarget "libgo" */ = {
    			isa = XCConfigurationList;
    			buildConfigurations = (
    				71A9E3AE71A9E3AE00000084 /* Debug */,
    				71A9E3AE71A9E3AE00000085 /* Release */,
    			);
    			defaultConfigurationIsVisible = 0;
    			defaultConfigurationName = Release;
    		};
		71A9E3AE71A9E3AE00000005 /* Build configuration list for PBXNativeTarget "All" */ = {
    			isa = XCConfigurationList;
    			buildConfigurations = (
    				71A9E3AE71A9E3AE00000086 /* Debug */,
    				71A9E3AE71A9E3AE00000087 /* Release */,
    			);
    			defaultConfigurationIsVisible = 0;
    			defaultConfigurationName = Release;
    		};
		71A9E3AE71A9E3AE0000000E /* Build configuration list for PBXNativeTarget "Prep" */ = {
    			isa = XCConfigurationList;
    			buildConfigurations = (
    				71A9E3AE71A9E3AE00000088 /* Debug */,
    				71A9E3AE71A9E3AE00000089 /* Release */,
    			);
    			defaultConfigurationIsVisible = 0;
    			defaultConfigurationName = Release;
    		};
/* End XCConfigurationList section */
	};
	rootObject = 71A9E3AE71A9E3AE00000001 /* Project object */;
}
